<?xml version="1.0" encoding="utf-8"?>
<Project ToolsVersion="4.0" xmlns="http://schemas.microsoft.com/developer/msbuild/2003">
  <ItemGroup>
    <Filter Include="kabuki">
      <UniqueIdentifier>{cc781c14-e0fe-419a-a152-41bf7d78ab0e}</UniqueIdentifier>
    </Filter>
    <Filter Include="resources">
      <UniqueIdentifier>{67DA6AB6-F800-4c08-8B7A-83BB121AAD01}</UniqueIdentifier>
      <Extensions>rc;ico;cur;bmp;dlg;rc2;rct;bin;rgs;gif;jpg;jpeg;jpe;resx;tiff;tif;png;wav;mfcribbon-ms</Extensions>
    </Filter>
    <Filter Include="kabuki\crabs">
      <UniqueIdentifier>{c9fed358-324c-4fa2-8799-73e59bffd98d}</UniqueIdentifier>
    </Filter>
    <Filter Include="tests">
      <UniqueIdentifier>{e18ebb8a-bdf3-42d2-9091-50bd4f9c4dc4}</UniqueIdentifier>
    </Filter>
    <Filter Include="kabuki\f2sdk">
      <UniqueIdentifier>{718113ca-5727-428c-b4ef-076064150bfb}</UniqueIdentifier>
    </Filter>
    <Filter Include="kabuki\f2sdk\pro">
      <UniqueIdentifier>{36a7f387-fbef-41f1-9598-3fd364c78b9b}</UniqueIdentifier>
    </Filter>
    <Filter Include="kabuki\f2sdk\who">
      <UniqueIdentifier>{1cdb8a29-971f-44fe-b95b-f787485b81d3}</UniqueIdentifier>
    </Filter>
    <Filter Include="kabuki\f2sdk\ai">
      <UniqueIdentifier>{2890cc0f-e032-4464-b8b7-16162ee35a6e}</UniqueIdentifier>
    </Filter>
    <Filter Include="kabuki\f2sdk\al">
      <UniqueIdentifier>{902f36d5-ac4d-43f3-916a-c2a66d27c62b}</UniqueIdentifier>
    </Filter>
    <Filter Include="kabuki\f2sdk\app">
      <UniqueIdentifier>{4aa86083-fedb-427f-8c66-9dd649451991}</UniqueIdentifier>
    </Filter>
  </ItemGroup>
  <ItemGroup>
    <None Include="readme.md" />
    <None Include="sloth_kabuki_toolkit.as" />
    <None Include="..\..\kabuki\crabs\README.md">
      <Filter>kabuki\crabs</Filter>
    </None>
  </ItemGroup>
  <ItemGroup>
    <ClInclude Include="assembly.h" />
    <ClInclude Include="config.h" />
    <ClInclude Include="..\..\kabuki\toolkit\config.h">
      <Filter>kabuki\f2sdk</Filter>
    </ClInclude>
    <ClInclude Include="..\..\kabuki\crabs\door.h">
      <Filter>kabuki\crabs</Filter>
    </ClInclude>
    <ClInclude Include="..\..\kabuki\crabs\error.h">
      <Filter>kabuki\crabs</Filter>
    </ClInclude>
    <ClInclude Include="..\..\kabuki\crabs\event.h">
      <Filter>kabuki\crabs</Filter>
    </ClInclude>
    <ClInclude Include="..\..\kabuki\crabs\expr.h">
      <Filter>kabuki\crabs</Filter>
    </ClInclude>
    <ClInclude Include="..\..\kabuki\crabs\floor.h">
      <Filter>kabuki\crabs</Filter>
    </ClInclude>
    <ClInclude Include="..\..\kabuki\crabs\global.h">
      <Filter>kabuki\crabs</Filter>
    </ClInclude>
    <ClInclude Include="..\..\kabuki\crabs\hash.h">
      <Filter>kabuki\crabs</Filter>
    </ClInclude>
    <ClInclude Include="..\..\kabuki\crabs\hex.h">
      <Filter>kabuki\crabs</Filter>
    </ClInclude>
    <ClInclude Include="..\..\kabuki\crabs\interrupts.h">
      <Filter>kabuki\crabs</Filter>
    </ClInclude>
    <ClInclude Include="..\..\kabuki\crabs\iterator.h">
      <Filter>kabuki\crabs</Filter>
    </ClInclude>
    <ClInclude Include="..\..\kabuki\crabs\language.h">
      <Filter>kabuki\crabs</Filter>
    </ClInclude>
    <ClInclude Include="..\..\kabuki\crabs\library.h">
      <Filter>kabuki\crabs</Filter>
    </ClInclude>
    <ClInclude Include="..\..\kabuki\crabs\lock.h">
      <Filter>kabuki\crabs</Filter>
    </ClInclude>
    <ClInclude Include="..\..\kabuki\crabs\mirror.h">
      <Filter>kabuki\crabs</Filter>
    </ClInclude>
    <ClInclude Include="..\..\kabuki\crabs\obj.h">
      <Filter>kabuki\crabs</Filter>
    </ClInclude>
    <ClInclude Include="..\..\kabuki\crabs\op.h">
      <Filter>kabuki\crabs</Filter>
    </ClInclude>
    <ClInclude Include="..\..\kabuki\crabs\operand.h">
      <Filter>kabuki\crabs</Filter>
    </ClInclude>
    <ClInclude Include="..\..\kabuki\crabs\public.h">
      <Filter>kabuki\crabs</Filter>
    </ClInclude>
    <ClInclude Include="..\..\kabuki\crabs\rng.h">
      <Filter>kabuki\crabs</Filter>
    </ClInclude>
    <ClInclude Include="..\..\kabuki\crabs\room.h">
      <Filter>kabuki\crabs</Filter>
    </ClInclude>
    <ClInclude Include="..\..\kabuki\crabs\slot.h">
      <Filter>kabuki\crabs</Filter>
    </ClInclude>
    <ClInclude Include="..\..\kabuki\crabs\socket.h">
      <Filter>kabuki\crabs</Filter>
    </ClInclude>
    <ClInclude Include="..\..\kabuki\crabs\str.h">
      <Filter>kabuki\crabs</Filter>
    </ClInclude>
    <ClInclude Include="..\..\kabuki\crabs\str1.h">
      <Filter>kabuki\crabs</Filter>
    </ClInclude>
    <ClInclude Include="..\..\kabuki\crabs\str2.h">
      <Filter>kabuki\crabs</Filter>
    </ClInclude>
    <ClInclude Include="..\..\kabuki\crabs\str4.h">
      <Filter>kabuki\crabs</Filter>
    </ClInclude>
    <ClInclude Include="..\..\kabuki\crabs\tascii_data_types.h">
      <Filter>kabuki\crabs</Filter>
    </ClInclude>
    <ClInclude Include="..\..\kabuki\crabs\tclock.h">
      <Filter>kabuki\crabs</Filter>
    </ClInclude>
    <ClInclude Include="..\..\kabuki\crabs\tdic.h">
      <Filter>kabuki\crabs</Filter>
    </ClInclude>
    <ClInclude Include="..\..\kabuki\crabs\tlom.h">
      <Filter>kabuki\crabs</Filter>
    </ClInclude>
    <ClInclude Include="..\..\kabuki\crabs\tlst.h">
      <Filter>kabuki\crabs</Filter>
    </ClInclude>
    <ClInclude Include="..\..\kabuki\crabs\tmap.h">
      <Filter>kabuki\crabs</Filter>
    </ClInclude>
    <ClInclude Include="..\..\kabuki\crabs\tmud.h">
      <Filter>kabuki\crabs</Filter>
    </ClInclude>
    <ClInclude Include="..\..\kabuki\crabs\tobj.h">
      <Filter>kabuki\crabs</Filter>
    </ClInclude>
    <ClInclude Include="..\..\kabuki\crabs\tset.h">
      <Filter>kabuki\crabs</Filter>
    </ClInclude>
    <ClInclude Include="..\..\kabuki\crabs\tsocket.h">
      <Filter>kabuki\crabs</Filter>
    </ClInclude>
    <ClInclude Include="..\..\kabuki\crabs\tstk.h">
      <Filter>kabuki\crabs</Filter>
    </ClInclude>
    <ClInclude Include="..\..\kabuki\crabs\tstr.h">
      <Filter>kabuki\crabs</Filter>
    </ClInclude>
    <ClInclude Include="..\..\kabuki\crabs\ttbl.h">
      <Filter>kabuki\crabs</Filter>
    </ClInclude>
    <ClInclude Include="..\..\kabuki\crabs\varint.h">
      <Filter>kabuki\crabs</Filter>
    </ClInclude>
    <ClInclude Include="..\..\kabuki\crabs\wall.h">
      <Filter>kabuki\crabs</Filter>
    </ClInclude>
    <ClInclude Include="..\..\kabuki\crabs\address.h">
      <Filter>kabuki\crabs</Filter>
    </ClInclude>
    <ClInclude Include="..\..\kabuki\crabs\align.h">
      <Filter>kabuki\crabs</Filter>
    </ClInclude>
    <ClInclude Include="..\..\kabuki\crabs\args.h">
      <Filter>kabuki\crabs</Filter>
    </ClInclude>
    <ClInclude Include="..\..\kabuki\crabs\array.h">
      <Filter>kabuki\crabs</Filter>
    </ClInclude>
    <ClInclude Include="..\..\kabuki\crabs\ascii.h">
      <Filter>kabuki\crabs</Filter>
    </ClInclude>
    <ClInclude Include="..\..\kabuki\crabs\ascii_data_types.h">
      <Filter>kabuki\crabs</Filter>
    </ClInclude>
    <ClInclude Include="..\..\kabuki\crabs\bin.h">
      <Filter>kabuki\crabs</Filter>
    </ClInclude>
    <ClInclude Include="..\..\kabuki\crabs\bout.h">
      <Filter>kabuki\crabs</Filter>
    </ClInclude>
    <ClInclude Include="..\..\kabuki\crabs\bsq.h">
      <Filter>kabuki\crabs</Filter>
    </ClInclude>
    <ClInclude Include="..\..\kabuki\crabs\buffer.h">
      <Filter>kabuki\crabs</Filter>
    </ClInclude>
    <ClInclude Include="..\..\kabuki\crabs\clock.h">
      <Filter>kabuki\crabs</Filter>
    </ClInclude>
  </ItemGroup>
  <ItemGroup>
    <ClCompile Include="kakbuki_toolkit_updater.cc" />
    <ClCompile Include="..\..\kabuki\crabs\crabs_hash.cc">
      <Filter>kabuki\crabs</Filter>
    </ClCompile>
    <ClCompile Include="..\..\kabuki\crabs\crabs_hex.cc">
      <Filter>kabuki\crabs</Filter>
    </ClCompile>
    <ClCompile Include="..\..\kabuki\crabs\crabs_interrupts.cc">
      <Filter>kabuki\crabs</Filter>
    </ClCompile>
    <ClCompile Include="..\..\kabuki\crabs\crabs_lock.cc">
      <Filter>kabuki\crabs</Filter>
    </ClCompile>
    <ClCompile Include="..\..\kabuki\crabs\crabs_obj.cc">
      <Filter>kabuki\crabs</Filter>
    </ClCompile>
    <ClCompile Include="..\..\kabuki\crabs\crabs_op.cc">
      <Filter>kabuki\crabs</Filter>
    </ClCompile>
    <ClCompile Include="..\..\kabuki\crabs\crabs_operand.cc">
      <Filter>kabuki\crabs</Filter>
    </ClCompile>
    <ClCompile Include="..\..\kabuki\crabs\crabs_right.cc">
      <Filter>kabuki\crabs</Filter>
    </ClCompile>
    <ClCompile Include="..\..\kabuki\crabs\crabs_room.cc">
      <Filter>kabuki\crabs</Filter>
    </ClCompile>
    <ClCompile Include="..\..\kabuki\crabs\crabs_script_itos.cc">
      <Filter>kabuki\crabs</Filter>
    </ClCompile>
    <ClCompile Include="..\..\kabuki\crabs\crabs_slot.cc">
      <Filter>kabuki\crabs</Filter>
    </ClCompile>
    <ClCompile Include="..\..\kabuki\crabs\crabs_socket.cc">
      <Filter>kabuki\crabs</Filter>
    </ClCompile>
    <ClCompile Include="..\..\kabuki\crabs\crabs_str.cc">
      <Filter>kabuki\crabs</Filter>
    </ClCompile>
    <ClCompile Include="..\..\kabuki\crabs\crabs_wall.cc">
      <Filter>kabuki\crabs</Filter>
    </ClCompile>
    <ClCompile Include="..\..\kabuki\crabs\crabs_align.cc">
      <Filter>kabuki\crabs</Filter>
    </ClCompile>
    <ClCompile Include="..\..\kabuki\crabs\crabs_ascii_data_types.cc">
      <Filter>kabuki\crabs</Filter>
    </ClCompile>
    <ClCompile Include="..\..\kabuki\crabs\crabs_bin.cc">
      <Filter>kabuki\crabs</Filter>
    </ClCompile>
    <ClCompile Include="..\..\kabuki\crabs\crabs_bout.cc">
      <Filter>kabuki\crabs</Filter>
    </ClCompile>
    <ClCompile Include="..\..\kabuki\crabs\crabs_bsq.cc">
      <Filter>kabuki\crabs</Filter>
    </ClCompile>
    <ClCompile Include="..\..\kabuki\crabs\crabs_clock.cc">
      <Filter>kabuki\crabs</Filter>
    </ClCompile>
    <ClCompile Include="..\..\kabuki\crabs\crabs_debug.cc">
      <Filter>kabuki\crabs</Filter>
    </ClCompile>
    <ClCompile Include="..\..\kabuki\crabs\crabs_door.cc">
      <Filter>kabuki\crabs</Filter>
    </ClCompile>
    <ClCompile Include="..\..\kabuki\crabs\crabs_error.cc">
      <Filter>kabuki\crabs</Filter>
    </ClCompile>
    <ClCompile Include="..\..\kabuki\crabs\crabs_expr.cc">
      <Filter>kabuki\crabs</Filter>
    </ClCompile>
    <ClCompile Include="..\..\kabuki\crabs\crabs_floor.cc">
      <Filter>kabuki\crabs</Filter>
    </ClCompile>
  </ItemGroup>
</Project>