<?xml version="1.0" encoding="utf-8"?>
<Project ToolsVersion="4.0" xmlns="http://schemas.microsoft.com/developer/msbuild/2003">
  <ItemGroup>
    <Filter Include="Resources">
      <UniqueIdentifier>{67DA6AB6-F800-4c08-8B7A-83BB121AAD01}</UniqueIdentifier>
      <Extensions>rc;ico;cur;bmp;dlg;rc2;rct;bin;rgs;gif;jpg;jpeg;jpe;resx;tiff;tif;png;wav;mfcribbon-ms</Extensions>
    </Filter>
    <Filter Include="Lib">
      <UniqueIdentifier>{4FC737F1-C7A5-4376-A066-2A32D752A2FF}</UniqueIdentifier>
      <Extensions>cpp;c;cc;cxx;def;odl;idl;hpj;bat;asm;asmx</Extensions>
    </Filter>
    <Filter Include="Lib\GUI">
      <UniqueIdentifier>{5f965e2f-037d-4d4e-af90-9eb0bf1370e8}</UniqueIdentifier>
    </Filter>
    <Filter Include="Lib\Pro">
      <UniqueIdentifier>{33b1145b-4174-4c9a-9dd2-ed90d5051abd}</UniqueIdentifier>
    </Filter>
    <Filter Include="Lib\Tek">
      <UniqueIdentifier>{b1c40646-e3a7-4887-b521-5b32f5d4c795}</UniqueIdentifier>
    </Filter>
    <Filter Include="Lib\Touch">
      <UniqueIdentifier>{13a165c9-21af-41ee-a7d8-f944550343bc}</UniqueIdentifier>
    </Filter>
    <Filter Include="Lib\Who">
      <UniqueIdentifier>{b4c73bc2-5abc-4f0c-aa97-ad52729c01b1}</UniqueIdentifier>
    </Filter>
    <Filter Include="Lib\Hypertext">
      <UniqueIdentifier>{6fd54997-e162-4373-b99c-f5b7d5f8d64b}</UniqueIdentifier>
    </Filter>
    <Filter Include="Lib\Who\Seams">
      <UniqueIdentifier>{284a9788-4bac-4703-99d5-90a92ed63cdf}</UniqueIdentifier>
    </Filter>
    <Filter Include="Lib\Touch\Seams">
      <UniqueIdentifier>{56861473-ac72-4f66-8f93-51e9a3274a2e}</UniqueIdentifier>
    </Filter>
    <Filter Include="Lib\Tek\Seams">
      <UniqueIdentifier>{2525e6c8-14a4-423a-a0a5-78a4ca7c68a7}</UniqueIdentifier>
    </Filter>
    <Filter Include="Lib\Pro\Seams">
      <UniqueIdentifier>{6591aef2-76f1-4918-ba57-74c38c601397}</UniqueIdentifier>
    </Filter>
    <Filter Include="Lib\Hypertext\Seams">
      <UniqueIdentifier>{c09545db-c8f7-4067-90bc-f6e3de873903}</UniqueIdentifier>
    </Filter>
    <Filter Include="Lib\GUI\Seams">
      <UniqueIdentifier>{69a87dc4-1c8e-434d-84e8-58ed91a22fca}</UniqueIdentifier>
    </Filter>
  </ItemGroup>
  <ItemGroup>
    <ClInclude Include="who\entity.hpp">
      <Filter>Lib\Who</Filter>
    </ClInclude>
    <ClInclude Include="who\entitygroup.hpp">
      <Filter>Lib\Who</Filter>
    </ClInclude>
    <ClInclude Include="who\entitylist.hpp">
      <Filter>Lib\Who</Filter>
    </ClInclude>
    <ClInclude Include="who\global.h">
      <Filter>Lib\Who</Filter>
    </ClInclude>
    <ClInclude Include="who\handle.hpp">
      <Filter>Lib\Who</Filter>
    </ClInclude>
    <ClInclude Include="who\name.hpp">
      <Filter>Lib\Who</Filter>
    </ClInclude>
    <ClInclude Include="who\organization.hpp">
      <Filter>Lib\Who</Filter>
    </ClInclude>
    <ClInclude Include="who\password.hpp">
      <Filter>Lib\Who</Filter>
    </ClInclude>
    <ClInclude Include="who\pch.h">
      <Filter>Lib\Who</Filter>
    </ClInclude>
    <ClInclude Include="who\person.hpp">
      <Filter>Lib\Who</Filter>
    </ClInclude>
    <ClInclude Include="who\privilege.hpp">
      <Filter>Lib\Who</Filter>
    </ClInclude>
    <ClInclude Include="who\profile.hpp">
      <Filter>Lib\Who</Filter>
    </ClInclude>
    <ClInclude Include="who\registrar.hpp">
      <Filter>Lib\Who</Filter>
    </ClInclude>
    <ClInclude Include="who\relationahip.hpp">
      <Filter>Lib\Who</Filter>
    </ClInclude>
    <ClInclude Include="who\role.hpp">
      <Filter>Lib\Who</Filter>
    </ClInclude>
    <ClInclude Include="who\roster.hpp">
      <Filter>Lib\Who</Filter>
    </ClInclude>
    <ClInclude Include="who\symbol.hpp">
      <Filter>Lib\Who</Filter>
    </ClInclude>
    <ClInclude Include="who\test_tree.h">
      <Filter>Lib\Who</Filter>
    </ClInclude>
    <ClInclude Include="who\uidassigner.hpp">
      <Filter>Lib\Who</Filter>
    </ClInclude>
    <ClInclude Include="who\user.hpp">
      <Filter>Lib\Who</Filter>
    </ClInclude>
    <ClInclude Include="who\userlist.hpp">
      <Filter>Lib\Who</Filter>
    </ClInclude>
    <ClInclude Include="who\account.hpp">
      <Filter>Lib\Who</Filter>
    </ClInclude>
    <ClInclude Include="who\address.hpp">
      <Filter>Lib\Who</Filter>
    </ClInclude>
    <ClInclude Include="who\addressemail.hpp">
      <Filter>Lib\Who</Filter>
    </ClInclude>
    <ClInclude Include="who\authenticator.hpp">
      <Filter>Lib\Who</Filter>
    </ClInclude>
    <ClInclude Include="who\authenticatordefault.hpp">
      <Filter>Lib\Who</Filter>
    </ClInclude>
    <ClInclude Include="touch\buttondummy.hpp">
      <Filter>Lib\Touch</Filter>
    </ClInclude>
    <ClInclude Include="touch\buttonevent.hpp">
      <Filter>Lib\Touch</Filter>
    </ClInclude>
    <ClInclude Include="touch\buttonmacro.hpp">
      <Filter>Lib\Touch</Filter>
    </ClInclude>
    <ClInclude Include="touch\buttonmidi.hpp">
      <Filter>Lib\Touch</Filter>
    </ClInclude>
    <ClInclude Include="touch\buttonmode.hpp">
      <Filter>Lib\Touch</Filter>
    </ClInclude>
    <ClInclude Include="touch\buttonpage.hpp">
      <Filter>Lib\Touch</Filter>
    </ClInclude>
    <ClInclude Include="touch\buttonradio.hpp">
      <Filter>Lib\Touch</Filter>
    </ClInclude>
    <ClInclude Include="touch\buttonscroller.hpp">
      <Filter>Lib\Touch</Filter>
    </ClInclude>
    <ClInclude Include="touch\buttonswap.hpp">
      <Filter>Lib\Touch</Filter>
    </ClInclude>
    <ClInclude Include="touch\buttonwidget.hpp">
      <Filter>Lib\Touch</Filter>
    </ClInclude>
    <ClInclude Include="touch\channelgroup.hpp">
      <Filter>Lib\Touch</Filter>
    </ClInclude>
    <ClInclude Include="touch\component.hpp">
      <Filter>Lib\Touch</Filter>
    </ClInclude>
    <ClInclude Include="touch\controldmx.hpp">
      <Filter>Lib\Touch</Filter>
    </ClInclude>
    <ClInclude Include="touch\controller.hpp">
      <Filter>Lib\Touch</Filter>
    </ClInclude>
    <ClInclude Include="touch\controlmaster.hpp">
      <Filter>Lib\Touch</Filter>
    </ClInclude>
    <ClInclude Include="touch\controlmatrix.hpp">
      <Filter>Lib\Touch</Filter>
    </ClInclude>
    <ClInclude Include="touch\controlmidi.hpp">
      <Filter>Lib\Touch</Filter>
    </ClInclude>
    <ClInclude Include="touch\event.h">
      <Filter>Lib\Touch</Filter>
    </ClInclude>
    <ClInclude Include="touch\global_config.h">
      <Filter>Lib\Touch</Filter>
    </ClInclude>
    <ClInclude Include="touch\isymmetricontroller.hpp">
      <Filter>Lib\Touch</Filter>
    </ClInclude>
    <ClInclude Include="touch\library.hpp">
      <Filter>Lib\Touch</Filter>
    </ClInclude>
    <ClInclude Include="touch\mixer.hpp">
      <Filter>Lib\Touch</Filter>
    </ClInclude>
    <ClInclude Include="touch\mixerchannel.hpp">
      <Filter>Lib\Touch</Filter>
    </ClInclude>
    <ClInclude Include="touch\mixerpage.hpp">
      <Filter>Lib\Touch</Filter>
    </ClInclude>
    <ClInclude Include="touch\param.hpp">
      <Filter>Lib\Touch</Filter>
    </ClInclude>
    <ClInclude Include="touch\paramset.hpp">
      <Filter>Lib\Touch</Filter>
    </ClInclude>
    <ClInclude Include="touch\pch.h">
      <Filter>Lib\Touch</Filter>
    </ClInclude>
    <ClInclude Include="touch\set.hpp">
      <Filter>Lib\Touch</Filter>
    </ClInclude>
    <ClInclude Include="touch\tag.hpp">
      <Filter>Lib\Touch</Filter>
    </ClInclude>
    <ClInclude Include="touch\tagtibrary.hpp">
      <Filter>Lib\Touch</Filter>
    </ClInclude>
    <ClInclude Include="touch\test_tree.h">
      <Filter>Lib\Touch</Filter>
    </ClInclude>
    <ClInclude Include="touch\widget.hpp">
      <Filter>Lib\Touch</Filter>
    </ClInclude>
    <ClInclude Include="touch\widgetmanager.hpp">
      <Filter>Lib\Touch</Filter>
    </ClInclude>
    <ClInclude Include="touch\widgetmidi.hpp">
      <Filter>Lib\Touch</Filter>
    </ClInclude>
    <ClInclude Include="touch\widgetpage.hpp">
      <Filter>Lib\Touch</Filter>
    </ClInclude>
    <ClInclude Include="touch\xycontrol.hpp">
      <Filter>Lib\Touch</Filter>
    </ClInclude>
    <ClInclude Include="touch\adsr.hpp">
      <Filter>Lib\Touch</Filter>
    </ClInclude>
    <ClInclude Include="touch\button.hpp">
      <Filter>Lib\Touch</Filter>
    </ClInclude>
    <ClInclude Include="touch\buttondmx.hpp">
      <Filter>Lib\Touch</Filter>
    </ClInclude>
    <ClInclude Include="tek\display.h">
      <Filter>Lib\Tek</Filter>
    </ClInclude>
    <ClInclude Include="tek\dmxanimation.h">
      <Filter>Lib\Tek</Filter>
    </ClInclude>
    <ClInclude Include="tek\dmxbuffer.h">
      <Filter>Lib\Tek</Filter>
    </ClInclude>
    <ClInclude Include="tek\dmxreceiver.h">
      <Filter>Lib\Tek</Filter>
    </ClInclude>
    <ClInclude Include="tek\dmxtransceiver.h">
      <Filter>Lib\Tek</Filter>
    </ClInclude>
    <ClInclude Include="tek\flowcontroller.h">
      <Filter>Lib\Tek</Filter>
    </ClInclude>
    <ClInclude Include="tek\flyingfader.h">
      <Filter>Lib\Tek</Filter>
    </ClInclude>
    <ClInclude Include="tek\global.h">
      <Filter>Lib\Tek</Filter>
    </ClInclude>
    <ClInclude Include="tek\ioexpander.h">
      <Filter>Lib\Tek</Filter>
    </ClInclude>
    <ClInclude Include="tek\led.h">
      <Filter>Lib\Tek</Filter>
    </ClInclude>
    <ClInclude Include="tek\ledmatrix.h">
      <Filter>Lib\Tek</Filter>
    </ClInclude>
    <ClInclude Include="tek\ledrgb.h">
      <Filter>Lib\Tek</Filter>
    </ClInclude>
    <ClInclude Include="tek\ledvumeter.h">
      <Filter>Lib\Tek</Filter>
    </ClInclude>
    <ClInclude Include="tek\ledvumeterarray.h">
      <Filter>Lib\Tek</Filter>
    </ClInclude>
    <ClInclude Include="tek\micelectrolytic.h">
      <Filter>Lib\Tek</Filter>
    </ClInclude>
    <ClInclude Include="tek\motorhbridge.h">
      <Filter>Lib\Tek</Filter>
    </ClInclude>
    <ClInclude Include="tek\octows28xx.h">
      <Filter>Lib\Tek</Filter>
    </ClInclude>
    <ClInclude Include="tek\pch.h">
      <Filter>Lib\Tek</Filter>
    </ClInclude>
    <ClInclude Include="tek\photosensor.h">
      <Filter>Lib\Tek</Filter>
    </ClInclude>
    <ClInclude Include="tek\portali2c.h">
      <Filter>Lib\Tek</Filter>
    </ClInclude>
    <ClInclude Include="tek\portalserial.h">
      <Filter>Lib\Tek</Filter>
    </ClInclude>
    <ClInclude Include="tek\portalspi.h">
      <Filter>Lib\Tek</Filter>
    </ClInclude>
    <ClInclude Include="tek\portaltcp.h">
      <Filter>Lib\Tek</Filter>
    </ClInclude>
    <ClInclude Include="tek\portalwifi.h">
      <Filter>Lib\Tek</Filter>
    </ClInclude>
    <ClInclude Include="tek\pot.h">
      <Filter>Lib\Tek</Filter>
    </ClInclude>
    <ClInclude Include="tek\rgbstatusled.h">
      <Filter>Lib\Tek</Filter>
    </ClInclude>
    <ClInclude Include="tek\rotaryknob.h">
      <Filter>Lib\Tek</Filter>
    </ClInclude>
    <ClInclude Include="tek\rotaryknobbank.h">
      <Filter>Lib\Tek</Filter>
    </ClInclude>
    <ClInclude Include="tek\statusled.h">
      <Filter>Lib\Tek</Filter>
    </ClInclude>
    <ClInclude Include="tek\switch.h">
      <Filter>Lib\Tek</Filter>
    </ClInclude>
    <ClInclude Include="tek\unicontroller.h">
      <Filter>Lib\Tek</Filter>
    </ClInclude>
    <ClInclude Include="tek\color.hpp">
      <Filter>Lib\Tek</Filter>
    </ClInclude>
    <ClInclude Include="tek\button.h">
      <Filter>Lib\Tek</Filter>
    </ClInclude>
    <ClInclude Include="tek\color.h">
      <Filter>Lib\Tek</Filter>
    </ClInclude>
    <ClInclude Include="tek\debouncer.h">
      <Filter>Lib\Tek</Filter>
    </ClInclude>
    <ClInclude Include="pro\git.hpp">
      <Filter>Lib\Pro</Filter>
    </ClInclude>
    <ClInclude Include="pro\global.h">
      <Filter>Lib\Pro</Filter>
    </ClInclude>
    <ClInclude Include="pro\pch.h">
      <Filter>Lib\Pro</Filter>
    </ClInclude>
    <ClInclude Include="pro\project.hpp">
      <Filter>Lib\Pro</Filter>
    </ClInclude>
    <ClInclude Include="pro\schedule.hpp">
      <Filter>Lib\Pro</Filter>
    </ClInclude>
    <ClInclude Include="pro\task.hpp">
      <Filter>Lib\Pro</Filter>
    </ClInclude>
    <ClInclude Include="pro\test_tree.h">
      <Filter>Lib\Pro</Filter>
    </ClInclude>
    <ClInclude Include="pro\workspace.hpp">
      <Filter>Lib\Pro</Filter>
    </ClInclude>
    <ClInclude Include="pro\doxygen.h">
      <Filter>Lib\Pro</Filter>
    </ClInclude>
    <ClInclude Include="hypertext\pch.h">
      <Filter>Lib\Hypertext</Filter>
    </ClInclude>
    <ClInclude Include="hypertext\tcplistener.hpp">
      <Filter>Lib\Hypertext</Filter>
    </ClInclude>
    <ClInclude Include="hypertext\module_seams.h">
      <Filter>Lib\Hypertext</Filter>
    </ClInclude>
    <ClInclude Include="pch.h">
      <Filter>Lib</Filter>
    </ClInclude>
  </ItemGroup>
  <ItemGroup>
    <None Include="who\module_debug.inl">
      <Filter>Lib\Who</Filter>
    </None>
    <None Include="who\module_footer.inl">
      <Filter>Lib\Who</Filter>
    </None>
    <None Include="who\module_release.inl">
      <Filter>Lib\Who</Filter>
    </None>
    <None Include="who\pch.inl">
      <Filter>Lib\Who</Filter>
    </None>
    <None Include="who\readme.md">
      <Filter>Lib\Who</Filter>
    </None>
    <None Include="touch\module_debug.inl">
      <Filter>Lib\Touch</Filter>
    </None>
    <None Include="touch\module_footer.inl">
      <Filter>Lib\Touch</Filter>
    </None>
    <None Include="touch\module_release.inl">
      <Filter>Lib\Touch</Filter>
    </None>
    <None Include="touch\pch.inl">
      <Filter>Lib\Touch</Filter>
    </None>
    <None Include="touch\readme.md">
      <Filter>Lib\Touch</Filter>
    </None>
    <None Include="tek\button.inl">
      <Filter>Lib\Tek</Filter>
    </None>
    <None Include="tek\color.inl">
      <Filter>Lib\Tek</Filter>
    </None>
    <None Include="tek\dmxanimation.inl">
      <Filter>Lib\Tek</Filter>
    </None>
    <None Include="tek\dmxbuffer.inl">
      <Filter>Lib\Tek</Filter>
    </None>
    <None Include="tek\flowcontroller.inl">
      <Filter>Lib\Tek</Filter>
    </None>
    <None Include="tek\flyingfader.inl">
      <Filter>Lib\Tek</Filter>
    </None>
    <None Include="tek\ioexpander.inl">
      <Filter>Lib\Tek</Filter>
    </None>
    <None Include="tek\knobrotary.inl">
      <Filter>Lib\Tek</Filter>
    </None>
    <None Include="tek\knobrotarybank.inl">
      <Filter>Lib\Tek</Filter>
    </None>
    <None Include="tek\led.inl">
      <Filter>Lib\Tek</Filter>
    </None>
    <None Include="tek\ledrgb.inl">
      <Filter>Lib\Tek</Filter>
    </None>
    <None Include="tek\main.inl">
      <Filter>Lib\Tek</Filter>
    </None>
    <None Include="tek\micelectrolytic.inl">
      <Filter>Lib\Tek</Filter>
    </None>
    <None Include="tek\module.inl">
      <Filter>Lib\Tek</Filter>
    </None>
    <None Include="tek\module_debug.inl">
      <Filter>Lib\Tek</Filter>
    </None>
    <None Include="tek\module_footer.inl">
      <Filter>Lib\Tek</Filter>
    </None>
    <None Include="tek\module_release.inl">
      <Filter>Lib\Tek</Filter>
    </None>
    <None Include="tek\motorhbridge.inl">
      <Filter>Lib\Tek</Filter>
    </None>
    <None Include="tek\pch.inl">
      <Filter>Lib\Tek</Filter>
    </None>
    <None Include="tek\portali2c.inl">
      <Filter>Lib\Tek</Filter>
    </None>
    <None Include="tek\portalserial.inl">
      <Filter>Lib\Tek</Filter>
    </None>
    <None Include="tek\portalspi.inl">
      <Filter>Lib\Tek</Filter>
    </None>
    <None Include="tek\portaltcp.inl">
      <Filter>Lib\Tek</Filter>
    </None>
    <None Include="tek\pot.inl">
      <Filter>Lib\Tek</Filter>
    </None>
    <None Include="tek\potosensor.inl">
      <Filter>Lib\Tek</Filter>
    </None>
    <None Include="tek\switch.inl">
      <Filter>Lib\Tek</Filter>
    </None>
    <None Include="tek\unicontroller.inl">
      <Filter>Lib\Tek</Filter>
    </None>
    <None Include="tek\readme.md">
      <Filter>Lib\Tek</Filter>
    </None>
    <None Include="pro\module_debug.inl">
      <Filter>Lib\Pro</Filter>
    </None>
    <None Include="pro\module_footer.inl">
      <Filter>Lib\Pro</Filter>
    </None>
    <None Include="pro\module_release.inl">
      <Filter>Lib\Pro</Filter>
    </None>
    <None Include="pro\pch.inl">
      <Filter>Lib\Pro</Filter>
    </None>
    <None Include="pro\readme.md">
      <Filter>Lib\Pro</Filter>
    </None>
    <None Include="hypertext\pch.inl">
      <Filter>Lib\Hypertext</Filter>
    </None>
    <None Include="hypertext\readme.md">
      <Filter>Lib\Hypertext</Filter>
    </None>
    <None Include="gui\module.inl">
      <Filter>Lib\GUI</Filter>
    </None>
    <None Include="gui\readme.md">
      <Filter>Lib\GUI</Filter>
    </None>
    <None Include="module.inl">
      <Filter>Lib</Filter>
    </None>
    <None Include="readme.md">
      <Filter>Lib</Filter>
    </None>
    <None Include="who\seams\00_foo.inl">
      <Filter>Lib\Who\Seams</Filter>
    </None>
    <None Include="who\seams\01_bar.inl">
      <Filter>Lib\Who\Seams</Filter>
    </None>
    <None Include="who\seams\all.inl">
      <Filter>Lib\Who\Seams</Filter>
    </None>
    <None Include="touch\seams\00_foo.inl">
      <Filter>Lib\Touch\Seams</Filter>
    </None>
    <None Include="touch\seams\01_bar.inl">
      <Filter>Lib\Touch\Seams</Filter>
    </None>
    <None Include="touch\seams\all.inl">
      <Filter>Lib\Touch\Seams</Filter>
    </None>
    <None Include="tek\seams\00_foo.inl">
      <Filter>Lib\Tek\Seams</Filter>
    </None>
    <None Include="tek\seams\01_bar.inl">
      <Filter>Lib\Tek\Seams</Filter>
    </None>
    <None Include="tek\seams\all.inl">
      <Filter>Lib\Tek\Seams</Filter>
    </None>
    <None Include="pro\seams\01_bar.inl">
      <Filter>Lib\Pro\Seams</Filter>
    </None>
    <None Include="pro\seams\all.inl">
      <Filter>Lib\Pro\Seams</Filter>
    </None>
    <None Include="pro\seams\00_foo.inl">
      <Filter>Lib\Pro\Seams</Filter>
    </None>
    <None Include="hypertext\seams\00_foo.inl">
      <Filter>Lib\Hypertext\Seams</Filter>
    </None>
    <None Include="hypertext\seams\01_bar.inl">
      <Filter>Lib\Hypertext\Seams</Filter>
    </None>
    <None Include="hypertext\seams\all.inl">
      <Filter>Lib\Hypertext\Seams</Filter>
    </None>
    <None Include="gui\seams\01_bar.inl">
      <Filter>Lib\GUI\Seams</Filter>
    </None>
    <None Include="gui\seams\all.inl">
      <Filter>Lib\GUI\Seams</Filter>
    </None>
    <None Include="gui\seams\00_foo.inl">
      <Filter>Lib\GUI\Seams</Filter>
    </None>
  </ItemGroup>
  <ItemGroup>
    <ClCompile Include="pch.cc">
      <Filter>Lib</Filter>
    </ClCompile>
  </ItemGroup>
  <ItemGroup>
    <Text Include="CMakeFiles.txt">
      <Filter>Lib</Filter>
    </Text>
  </ItemGroup>
</Project>