<?xml version="1.0" encoding="utf-8"?>
<Project ToolsVersion="4.0" xmlns="http://schemas.microsoft.com/developer/msbuild/2003">
  <ItemGroup>
    <Filter Include="resources">
      <UniqueIdentifier>{67DA6AB6-F800-4c08-8B7A-83BB121AAD01}</UniqueIdentifier>
      <Extensions>rc;ico;cur;bmp;dlg;rc2;rct;bin;rgs;gif;jpg;jpeg;jpe;resx;tiff;tif;png;wav;mfcribbon-ms</Extensions>
    </Filter>
    <Filter Include="kabuki">
      <UniqueIdentifier>{4FC737F1-C7A5-4376-A066-2A32D752A2FF}</UniqueIdentifier>
      <Extensions>cpp;c;cc;cxx;def;odl;idl;hpj;bat;asm;asmx</Extensions>
    </Filter>
    <Filter Include="kabuki\toolkit">
      <UniqueIdentifier>{514fea74-b6e8-428d-8c26-be27ee77de19}</UniqueIdentifier>
    </Filter>
    <Filter Include="kabuki\toolkit\pro">
      <UniqueIdentifier>{9f9ccb68-10fe-4794-959e-2db2532c86a6}</UniqueIdentifier>
    </Filter>
  </ItemGroup>
  <ItemGroup>
    <ClInclude Include="pch.h">
      <Filter>kabuki\toolkit\pro</Filter>
    </ClInclude>
    <ClInclude Include="test_tree.h">
      <Filter>kabuki\toolkit\pro</Filter>
    </ClInclude>
    <ClInclude Include="00_foo.h">
      <Filter>kabuki\toolkit\pro</Filter>
    </ClInclude>
    <ClInclude Include="01_bar.h">
      <Filter>kabuki\toolkit\pro</Filter>
    </ClInclude>
    <ClInclude Include="global.h">
      <Filter>kabuki\toolkit\pro</Filter>
    </ClInclude>
    <ClInclude Include="cdoxygen.h">
      <Filter>kabuki\toolkit\pro</Filter>
    </ClInclude>
    <ClInclude Include="t_git.h">
      <Filter>kabuki\toolkit\pro</Filter>
    </ClInclude>
    <ClInclude Include="t_project.h">
      <Filter>kabuki\toolkit\pro</Filter>
    </ClInclude>
    <ClInclude Include="t_schedule.h">
      <Filter>kabuki\toolkit\pro</Filter>
    </ClInclude>
    <ClInclude Include="t_task.h">
      <Filter>kabuki\toolkit\pro</Filter>
    </ClInclude>
    <ClInclude Include="t_workspace.h">
      <Filter>kabuki\toolkit\pro</Filter>
    </ClInclude>
  </ItemGroup>
  <ItemGroup>
    <ClCompile Include="pch.cc">
      <Filter>kabuki\toolkit\pro</Filter>
    </ClCompile>
  </ItemGroup>
  <ItemGroup>
    <None Include="readme.md">
      <Filter>kabuki\toolkit\pro</Filter>
    </None>
    <None Include="test_debug.inl">
      <Filter>kabuki\toolkit\pro</Filter>
    </None>
    <None Include="test_footer.inl">
      <Filter>kabuki\toolkit\pro</Filter>
    </None>
    <None Include="test_release.inl">
      <Filter>kabuki\toolkit\pro</Filter>
    </None>
    <None Include="global_config.inl">
      <Filter>kabuki\toolkit\pro</Filter>
    </None>
  </ItemGroup>
</Project>