<?xml version="1.0" encoding="utf-8"?>
<Project ToolsVersion="4.0" xmlns="http://schemas.microsoft.com/developer/msbuild/2003">
  <ItemGroup>
    <Filter Include="resources">
      <UniqueIdentifier>{67DA6AB6-F800-4c08-8B7A-83BB121AAD01}</UniqueIdentifier>
      <Extensions>rc;ico;cur;bmp;dlg;rc2;rct;bin;rgs;gif;jpg;jpeg;jpe;resx;tiff;tif;png;wav;mfcribbon-ms</Extensions>
    </Filter>
    <Filter Include="kabuki">
      <UniqueIdentifier>{a70167d9-34f6-46dd-a831-b596fac6db8f}</UniqueIdentifier>
    </Filter>
    <Filter Include="kabuki\f2">
      <UniqueIdentifier>{e18ebb8a-bdf3-42d2-9091-50bd4f9c4dc4}</UniqueIdentifier>
    </Filter>
  </ItemGroup>
  <ItemGroup>
    <ClInclude Include="console.h">
      <Filter>kabuki\f2</Filter>
    </ClInclude>
    <ClInclude Include="global.h">
      <Filter>kabuki\f2</Filter>
    </ClInclude>
    <ClInclude Include="public.h">
      <Filter>kabuki\f2</Filter>
    </ClInclude>
    <ClInclude Include="stdafx.h">
      <Filter>kabuki\f2</Filter>
    </ClInclude>
    <ClInclude Include="talign.h">
      <Filter>kabuki\f2</Filter>
    </ClInclude>
    <ClInclude Include="targetver.h">
      <Filter>kabuki\f2</Filter>
    </ClInclude>
    <ClInclude Include="tbinary.h">
      <Filter>kabuki\f2</Filter>
    </ClInclude>
    <ClInclude Include="test.h">
      <Filter>kabuki\f2</Filter>
    </ClInclude>
    <ClInclude Include="ttest.h">
      <Filter>kabuki\f2</Filter>
    </ClInclude>
    <ClInclude Include="binary.h">
      <Filter>kabuki\f2</Filter>
    </ClInclude>
  </ItemGroup>
  <ItemGroup>
    <ClCompile Include="f2_binary.cc">
      <Filter>kabuki\f2</Filter>
    </ClCompile>
    <ClCompile Include="f2_console.cc">
      <Filter>kabuki\f2</Filter>
    </ClCompile>
    <ClCompile Include="f2_test.cc">
      <Filter>kabuki\f2</Filter>
    </ClCompile>
    <ClCompile Include="stdafx.cc">
      <Filter>kabuki\f2</Filter>
    </ClCompile>
  </ItemGroup>
  <ItemGroup>
    <None Include="readme.md">
      <Filter>kabuki\f2</Filter>
    </None>
  </ItemGroup>
</Project>