<?xml version="1.0" encoding="utf-8"?>
<Project ToolsVersion="4.0" xmlns="http://schemas.microsoft.com/developer/msbuild/2003">
  <ItemGroup>
    <Filter Include="Resources">
      <UniqueIdentifier>{67DA6AB6-F800-4c08-8B7A-83BB121AAD01}</UniqueIdentifier>
      <Extensions>rc;ico;cur;bmp;dlg;rc2;rct;bin;rgs;gif;jpg;jpeg;jpe;resx;tiff;tif;png;wav;mfcribbon-ms</Extensions>
    </Filter>
    <Filter Include="Library">
      <UniqueIdentifier>{1b00156d-1078-4e39-bef8-c5642030bf44}</UniqueIdentifier>
    </Filter>
    <Filter Include="Library\KabukiToolkit-Impl">
      <UniqueIdentifier>{6caf6ec5-1d6d-4b32-a065-345e437477b9}</UniqueIdentifier>
    </Filter>
    <Filter Include="Library\KabukiToolkit">
      <UniqueIdentifier>{ba74999a-dd18-4b86-8ddb-40cc2c5f4977}</UniqueIdentifier>
    </Filter>
    <Filter Include="Library\KabukiToolkit\_Device">
      <UniqueIdentifier>{1f671989-f382-4668-9efc-dd0e7fe9e1af}</UniqueIdentifier>
    </Filter>
    <Filter Include="Library\KabukiToolkit\_Device\Actuators">
      <UniqueIdentifier>{6b6b0bff-77bd-402b-94d3-979dc7a900b8}</UniqueIdentifier>
    </Filter>
    <Filter Include="Library\KabukiToolkit\_Device\Buttons">
      <UniqueIdentifier>{83066a59-a528-4d9b-8aa2-3534cf7ba86b}</UniqueIdentifier>
    </Filter>
    <Filter Include="Library\KabukiToolkit\_Device\Componts">
      <UniqueIdentifier>{91692297-f107-4956-b2ba-f8599f091230}</UniqueIdentifier>
    </Filter>
    <Filter Include="Library\KabukiToolkit\_Device\Controls">
      <UniqueIdentifier>{617f9619-2135-4896-94d2-08965f1c55d8}</UniqueIdentifier>
    </Filter>
    <Filter Include="Library\KabukiToolkit\_Device\Displays">
      <UniqueIdentifier>{f5ddebe0-c518-4d77-ba34-27d2a7cf96e7}</UniqueIdentifier>
    </Filter>
    <Filter Include="Library\KabukiToolkit\_Device\Mixer">
      <UniqueIdentifier>{7d827bc3-4f1e-467d-b1e3-ea5e5cfc113b}</UniqueIdentifier>
    </Filter>
    <Filter Include="Library\KabukiToolkit\_Device\Sensors">
      <UniqueIdentifier>{866f7199-b6ee-4323-ae07-c315dab11bff}</UniqueIdentifier>
    </Filter>
    <Filter Include="Library\KabukiToolkit\_Device\Sensors\Mics">
      <UniqueIdentifier>{b3343abe-98b9-479e-9376-a08c71b6b2e7}</UniqueIdentifier>
    </Filter>
    <Filter Include="Library\KabukiToolkit\_Device\Sensuators">
      <UniqueIdentifier>{e37d059e-5e87-428f-a394-d62ce0344e0c}</UniqueIdentifier>
    </Filter>
    <Filter Include="Library\KabukiToolkit\_Device\DMX">
      <UniqueIdentifier>{c667ced8-904c-414a-b096-161724bbc545}</UniqueIdentifier>
    </Filter>
    <Filter Include="Library\KabukiToolkit\_Device\MIDI">
      <UniqueIdentifier>{c71361e5-3f34-428e-a2a4-97a7a02fcd90}</UniqueIdentifier>
    </Filter>
    <Filter Include="Library\KabukiToolkit\_Device\OSC">
      <UniqueIdentifier>{9f67d27f-e069-4c83-9782-f0b56d7602c6}</UniqueIdentifier>
    </Filter>
    <Filter Include="Library\KabukiToolkit-Impl\_Device">
      <UniqueIdentifier>{03584b92-3ff6-4408-9fd8-c35b6d958ba1}</UniqueIdentifier>
    </Filter>
    <Filter Include="Library\KabukiToolkit-Impl\_Device\DMX">
      <UniqueIdentifier>{95695948-f7dc-4c2e-9d61-6aa8be649e0c}</UniqueIdentifier>
    </Filter>
    <Filter Include="Library\KabukiToolkit\_Utils">
      <UniqueIdentifier>{de5afb9c-750f-449d-a26f-7f93df4e9c6a}</UniqueIdentifier>
    </Filter>
    <Filter Include="Library\KabukiToolkit\_VEnv">
      <UniqueIdentifier>{c34bde69-ea49-4688-8b16-1fd7c02a2fd2}</UniqueIdentifier>
    </Filter>
    <Filter Include="Library\KabukiToolkit\_Meta">
      <UniqueIdentifier>{d91a23bc-ec5b-44c1-b76c-fe3c75d60b75}</UniqueIdentifier>
    </Filter>
    <Filter Include="Library\KabukiToolkit\_">
      <UniqueIdentifier>{3777c879-55e5-4d67-806e-a975bb7dd509}</UniqueIdentifier>
    </Filter>
    <Filter Include="Library\KabukiToolkit\_2D">
      <UniqueIdentifier>{471fbbd5-c30f-4bf7-96d8-08162a4da1fb}</UniqueIdentifier>
    </Filter>
    <Filter Include="Library\KabukiToolkit\_Audio">
      <UniqueIdentifier>{87103b0e-3a02-4c87-adca-20d1f4125892}</UniqueIdentifier>
    </Filter>
    <Filter Include="Library\KabukiToolkit\_G">
      <UniqueIdentifier>{9dbea67e-831b-4376-b3c1-c8d3fc611fcb}</UniqueIdentifier>
    </Filter>
    <Filter Include="Library\KabukiToolkit\_GUI">
      <UniqueIdentifier>{8c52ab38-5fe9-4193-9d34-c690e1ec9c45}</UniqueIdentifier>
    </Filter>
    <Filter Include="Library\KabukiToolkit\_Id">
      <UniqueIdentifier>{9cd1c230-0597-446f-9932-e84abc4ab5d9}</UniqueIdentifier>
    </Filter>
    <Filter Include="Library\KabukiToolkit\_UI">
      <UniqueIdentifier>{b47780b7-5c4a-4571-9f11-9991e42f94fc}</UniqueIdentifier>
    </Filter>
    <Filter Include="Library\KabukiToolkit\_Math">
      <UniqueIdentifier>{70e6a862-7dc5-4d3b-8af6-7cbcd12c1d0b}</UniqueIdentifier>
    </Filter>
  </ItemGroup>
  <ItemGroup>
    <None Include="..\Library\KabukiToolkit\Com\OSC\ReadMe.md">
      <Filter>Library\KabukiToolkit\_Device\OSC</Filter>
    </None>
    <None Include="..\Library\KabukiToolkit\Librarian\Id\ReadMe.md">
      <Filter>Library\KabukiToolkit\_Id</Filter>
    </None>
    <None Include="..\Library\KabukiToolkit\Com\MIDI\ReadMe.md">
      <Filter>Library\KabukiToolkit\_Device</Filter>
    </None>
  </ItemGroup>
</Project>