<?xml version="1.0" encoding="utf-8"?>
<Project ToolsVersion="4.0" xmlns="http://schemas.microsoft.com/developer/msbuild/2003">
  <ItemGroup>
    <Filter Include="Resources">
      <UniqueIdentifier>{d7d0a3fd-0f8b-4582-9523-4a55e571ff49}</UniqueIdentifier>
    </Filter>
    <Filter Include="KabukiSDK-Library">
      <UniqueIdentifier>{07963084-0870-47bd-bb21-dcca9a9c0719}</UniqueIdentifier>
    </Filter>
    <Filter Include="KabukiSDK-Library\KabukiSDK-Impl">
      <UniqueIdentifier>{419977ad-1483-4e4b-a6ee-8a51d93dcc5c}</UniqueIdentifier>
    </Filter>
    <Filter Include="KabukiSDK-Library\KabukiSDK-Impl\_Id">
      <UniqueIdentifier>{ed68df14-80fc-4420-88ac-49d9046f2460}</UniqueIdentifier>
    </Filter>
    <Filter Include="KabukiSDK-Library\KabukiSDK-Impl\_">
      <UniqueIdentifier>{f7dda6d6-06b8-4ce2-b68e-653345d86a24}</UniqueIdentifier>
    </Filter>
    <Filter Include="KabukiSDK-Library\_">
      <UniqueIdentifier>{cdb010f2-9c4d-445b-89d7-1640c97f8118}</UniqueIdentifier>
    </Filter>
    <Filter Include="KabukiSDK-Library\_Id">
      <UniqueIdentifier>{3df9f4da-db95-4003-b359-c640b9bf18ce}</UniqueIdentifier>
    </Filter>
    <Filter Include="KabukiSDK-Library\_G">
      <UniqueIdentifier>{b63646c3-dee9-436d-84d8-18a920f873a3}</UniqueIdentifier>
    </Filter>
    <Filter Include="KabukiSDK-Library\_App">
      <UniqueIdentifier>{a89995e3-3c2a-43f7-bd7b-f5ecc3ec7a10}</UniqueIdentifier>
    </Filter>
    <Filter Include="KabukiSDK-Library\_Audio">
      <UniqueIdentifier>{8a6dac8d-4e85-4dc2-9492-a48579945528}</UniqueIdentifier>
    </Filter>
    <Filter Include="KabukiSDK-Library\KabukiSDK-Impl\_G">
      <UniqueIdentifier>{df000fb2-cfc5-429e-aedd-07bf7a93d2f2}</UniqueIdentifier>
    </Filter>
    <Filter Include="KabukiSDK-Library\KabukiSDK-Impl\_App">
      <UniqueIdentifier>{bb8417f2-f3d4-4711-972b-55d96754285b}</UniqueIdentifier>
    </Filter>
    <Filter Include="KabukiSDK-Library\KabukiSDK-Impl\_Audio">
      <UniqueIdentifier>{ac432156-370e-4157-be63-9c2e408de16b}</UniqueIdentifier>
    </Filter>
    <Filter Include="KabukiSDK-Library\_Math">
      <UniqueIdentifier>{f6fc2e5f-79a2-4042-b111-06bbd930afbb}</UniqueIdentifier>
    </Filter>
    <Filter Include="KabukiSDK-Library\_Math\Operators">
      <UniqueIdentifier>{8eb302e6-743d-4418-aa95-2fe552fbf571}</UniqueIdentifier>
    </Filter>
    <Filter Include="KabukiSDK-Library\KabukiSDK-Impl\_Math">
      <UniqueIdentifier>{66670c2e-2d36-4888-86c5-fa95f2406cee}</UniqueIdentifier>
    </Filter>
    <Filter Include="KabukiSDK-Library\KabukiSDK-Impl\_Archive">
      <UniqueIdentifier>{6eeea6be-3dbf-4141-856c-40bf5a6f56e8}</UniqueIdentifier>
    </Filter>
    <Filter Include="KabukiSDK-Library\_Archive">
      <UniqueIdentifier>{9f068ad2-ca12-4cfc-8e10-0beb3425346e}</UniqueIdentifier>
    </Filter>
  </ItemGroup>
  <ItemGroup>
    <ClInclude Include="..\KabukiSDK-Library\KabukiSDK.hpp">
      <Filter>KabukiSDK-Library</Filter>
    </ClInclude>
    <ClInclude Include="..\KabukiSDK-Library\KabukiSDK-Config.hpp">
      <Filter>KabukiSDK-Library</Filter>
    </ClInclude>
    <ClInclude Include="..\Library\_App\RealTimeApp.hpp">
      <Filter>KabukiSDK-Library\_App</Filter>
    </ClInclude>
    <ClInclude Include="..\Library\_App\Window.hpp">
      <Filter>KabukiSDK-Library\_App</Filter>
    </ClInclude>
    <ClInclude Include="..\Library\_App\AppGroup.hpp">
      <Filter>KabukiSDK-Library\_App</Filter>
    </ClInclude>
    <ClInclude Include="..\Library\_App\ConsoleApp.hpp">
      <Filter>KabukiSDK-Library\_App</Filter>
    </ClInclude>
    <ClInclude Include="..\Library\_App\IApp.hpp">
      <Filter>KabukiSDK-Library\_App</Filter>
    </ClInclude>
    <ClInclude Include="..\Library\_G\Caption.hpp">
      <Filter>KabukiSDK-Library\_G</Filter>
    </ClInclude>
    <ClInclude Include="..\Library\_G\Cell.hpp">
      <Filter>KabukiSDK-Library\_G</Filter>
    </ClInclude>
    <ClInclude Include="..\Library\_G\Color.hpp">
      <Filter>KabukiSDK-Library\_G</Filter>
    </ClInclude>
    <ClInclude Include="..\Library\_G\Colormap.hpp">
      <Filter>KabukiSDK-Library\_G</Filter>
    </ClInclude>
    <ClInclude Include="..\Library\_G\Elipse.hpp">
      <Filter>KabukiSDK-Library\_G</Filter>
    </ClInclude>
    <ClInclude Include="..\Library\_G\Entity.hpp">
      <Filter>KabukiSDK-Library\_G</Filter>
    </ClInclude>
    <ClInclude Include="..\Library\_G\Font.hpp">
      <Filter>KabukiSDK-Library\_G</Filter>
    </ClInclude>
    <ClInclude Include="..\Library\_G\Glyph.hpp">
      <Filter>KabukiSDK-Library\_G</Filter>
    </ClInclude>
    <ClInclude Include="..\Library\_G\Layer.hpp">
      <Filter>KabukiSDK-Library\_G</Filter>
    </ClInclude>
    <ClInclude Include="..\Library\_G\Line.hpp">
      <Filter>KabukiSDK-Library\_G</Filter>
    </ClInclude>
    <ClInclude Include="..\Library\_G\Polygon.hpp">
      <Filter>KabukiSDK-Library\_G</Filter>
    </ClInclude>
    <ClInclude Include="..\Library\_G\Rect.hpp">
      <Filter>KabukiSDK-Library\_G</Filter>
    </ClInclude>
    <ClInclude Include="..\Library\_G\Scene.hpp">
      <Filter>KabukiSDK-Library\_G</Filter>
    </ClInclude>
    <ClInclude Include="..\Library\_G\String.hpp">
      <Filter>KabukiSDK-Library\_G</Filter>
    </ClInclude>
    <ClInclude Include="..\Library\_G\Texture.hpp">
      <Filter>KabukiSDK-Library\_G</Filter>
    </ClInclude>
    <ClInclude Include="..\Library\_G\Triangle.hpp">
      <Filter>KabukiSDK-Library\_G</Filter>
    </ClInclude>
    <ClInclude Include="..\Library\_G\AnimatedTexture.hpp">
      <Filter>KabukiSDK-Library\_G</Filter>
    </ClInclude>
    <ClInclude Include="..\Library\_Math\Operators\Divide.hpp">
      <Filter>KabukiSDK-Library\_Math\Operators</Filter>
    </ClInclude>
    <ClInclude Include="..\Library\_\IEvent.hpp">
      <Filter>KabukiSDK-Library\_</Filter>
    </ClInclude>
    <ClInclude Include="..\Library\_\Keyboard.hpp">
      <Filter>KabukiSDK-Library\_</Filter>
    </ClInclude>
    <ClInclude Include="..\Library\_\KeyboardBuffer.hpp">
      <Filter>KabukiSDK-Library\_</Filter>
    </ClInclude>
    <ClInclude Include="..\Library\_\MorseCode.hpp">
      <Filter>KabukiSDK-Library\_</Filter>
    </ClInclude>
    <ClInclude Include="..\Library\_\Print.hpp">
      <Filter>KabukiSDK-Library\_</Filter>
    </ClInclude>
    <ClInclude Include="..\Library\_\ErrorList.hpp">
      <Filter>KabukiSDK-Library\_</Filter>
    </ClInclude>
    <ClInclude Include="..\Library\_\EventSequence.hpp">
      <Filter>KabukiSDK-Library\_</Filter>
    </ClInclude>
    <ClInclude Include="..\Library\_\IComparable.hpp">
      <Filter>KabukiSDK-Library\_</Filter>
    </ClInclude>
    <ClInclude Include="..\Library\_Id\EntityGroup.hpp">
      <Filter>KabukiSDK-Library\_Id</Filter>
    </ClInclude>
    <ClInclude Include="..\Library\_Id\EntityList.hpp">
      <Filter>KabukiSDK-Library\_Id</Filter>
    </ClInclude>
    <ClInclude Include="..\Library\_Id\Grammer.hpp">
      <Filter>KabukiSDK-Library\_Id</Filter>
    </ClInclude>
    <ClInclude Include="..\Library\_Id\Handle.hpp">
      <Filter>KabukiSDK-Library\_Id</Filter>
    </ClInclude>
    <ClInclude Include="..\Library\_Id\ITag.hpp">
      <Filter>KabukiSDK-Library\_Id</Filter>
    </ClInclude>
    <ClInclude Include="..\Library\_Id\Name.hpp">
      <Filter>KabukiSDK-Library\_Id</Filter>
    </ClInclude>
    <ClInclude Include="..\Library\_Id\OAthAccount.hpp">
      <Filter>KabukiSDK-Library\_Id</Filter>
    </ClInclude>
    <ClInclude Include="..\Library\_Id\Organization.hpp">
      <Filter>KabukiSDK-Library\_Id</Filter>
    </ClInclude>
    <ClInclude Include="..\Library\_Id\Password.hpp">
      <Filter>KabukiSDK-Library\_Id</Filter>
    </ClInclude>
    <ClInclude Include="..\Library\_Id\Person.hpp">
      <Filter>KabukiSDK-Library\_Id</Filter>
    </ClInclude>
    <ClInclude Include="..\Library\_Id\Privilage.hpp">
      <Filter>KabukiSDK-Library\_Id</Filter>
    </ClInclude>
    <ClInclude Include="..\Library\_Id\Profile.hpp">
      <Filter>KabukiSDK-Library\_Id</Filter>
    </ClInclude>
    <ClInclude Include="..\Library\_Id\Relationship.hpp">
      <Filter>KabukiSDK-Library\_Id</Filter>
    </ClInclude>
    <ClInclude Include="..\Library\_Id\Role.hpp">
      <Filter>KabukiSDK-Library\_Id</Filter>
    </ClInclude>
    <ClInclude Include="..\Library\_Id\User.hpp">
      <Filter>KabukiSDK-Library\_Id</Filter>
    </ClInclude>
    <ClInclude Include="..\Library\_Id\UserList.hpp">
      <Filter>KabukiSDK-Library\_Id</Filter>
    </ClInclude>
    <ClInclude Include="..\Library\_Id\Account.hpp">
      <Filter>KabukiSDK-Library\_Id</Filter>
    </ClInclude>
    <ClInclude Include="..\Library\_Id\Address.hpp">
      <Filter>KabukiSDK-Library\_Id</Filter>
    </ClInclude>
    <ClInclude Include="..\Library\_Id\Date.hpp">
      <Filter>KabukiSDK-Library\_Id</Filter>
    </ClInclude>
    <ClInclude Include="..\Library\_Id\EmailAddress.hpp">
      <Filter>KabukiSDK-Library\_Id</Filter>
    </ClInclude>
    <ClInclude Include="..\Library\_Id\Entity.hpp">
      <Filter>KabukiSDK-Library\_Id</Filter>
    </ClInclude>
    <ClInclude Include="..\Library\_G\SwRenderer.hpp">
      <Filter>KabukiSDK-Library\_G</Filter>
    </ClInclude>
    <ClInclude Include="..\Library\_Math\AffineTransform.hpp">
      <Filter>KabukiSDK-Library\_Math</Filter>
    </ClInclude>
    <ClInclude Include="..\Library\_Math\Angle2D.hpp">
      <Filter>KabukiSDK-Library\_Math</Filter>
    </ClInclude>
    <ClInclude Include="..\Library\_Math\BCD.hpp">
      <Filter>KabukiSDK-Library\_Math</Filter>
    </ClInclude>
    <ClInclude Include="..\Library\_Math\Bezier.hpp">
      <Filter>KabukiSDK-Library\_Math</Filter>
    </ClInclude>
    <ClInclude Include="..\Library\_Math\Binary.hpp">
      <Filter>KabukiSDK-Library\_Math</Filter>
    </ClInclude>
    <ClInclude Include="..\Library\_Math\Calc.hpp">
      <Filter>KabukiSDK-Library\_Math</Filter>
    </ClInclude>
    <ClInclude Include="..\Library\_Math\Complex.hpp">
      <Filter>KabukiSDK-Library\_Math</Filter>
    </ClInclude>
    <ClInclude Include="..\Library\_Math\Converter.hpp">
      <Filter>KabukiSDK-Library\_Math</Filter>
    </ClInclude>
    <ClInclude Include="..\Library\_Math\Crossings.hpp">
      <Filter>KabukiSDK-Library\_Math</Filter>
    </ClInclude>
    <ClInclude Include="..\Library\_Math\CubicCurve.hpp">
      <Filter>KabukiSDK-Library\_Math</Filter>
    </ClInclude>
    <ClInclude Include="..\Library\_Math\Curve2D.hpp">
      <Filter>KabukiSDK-Library\_Math</Filter>
    </ClInclude>
    <ClInclude Include="..\Library\_Math\Entity3D.hpp">
      <Filter>KabukiSDK-Library\_Math</Filter>
    </ClInclude>
    <ClInclude Include="..\Library\_Math\Equation.hpp">
      <Filter>KabukiSDK-Library\_Math</Filter>
    </ClInclude>
    <ClInclude Include="..\Library\_Math\Hex.hpp">
      <Filter>KabukiSDK-Library\_Math</Filter>
    </ClInclude>
    <ClInclude Include="..\Library\_Math\InvalidPathException.hpp">
      <Filter>KabukiSDK-Library\_Math</Filter>
    </ClInclude>
    <ClInclude Include="..\Library\_Math\IPathIterator.hpp">
      <Filter>KabukiSDK-Library\_Math</Filter>
    </ClInclude>
    <ClInclude Include="..\Library\_Math\Matrix.hpp">
      <Filter>KabukiSDK-Library\_Math</Filter>
    </ClInclude>
    <ClInclude Include="..\Library\_Math\Point2D.hpp">
      <Filter>KabukiSDK-Library\_Math</Filter>
    </ClInclude>
    <ClInclude Include="..\Library\_Math\Point3D.hpp">
      <Filter>KabukiSDK-Library\_Math</Filter>
    </ClInclude>
    <ClInclude Include="..\Library\_Math\Polar2D.hpp">
      <Filter>KabukiSDK-Library\_Math</Filter>
    </ClInclude>
    <ClInclude Include="..\Library\_Math\Poly2D.hpp">
      <Filter>KabukiSDK-Library\_Math</Filter>
    </ClInclude>
    <ClInclude Include="..\Library\_Math\Poly3D.hpp">
      <Filter>KabukiSDK-Library\_Math</Filter>
    </ClInclude>
    <ClInclude Include="..\Library\_Math\Quad2D.hpp">
      <Filter>KabukiSDK-Library\_Math</Filter>
    </ClInclude>
    <ClInclude Include="..\Library\_Math\QuadBezier2D.hpp">
      <Filter>KabukiSDK-Library\_Math</Filter>
    </ClInclude>
    <ClInclude Include="..\Library\_Math\QuadraticCurve.hpp">
      <Filter>KabukiSDK-Library\_Math</Filter>
    </ClInclude>
    <ClInclude Include="..\Library\_Math\Rect2D.hpp">
      <Filter>KabukiSDK-Library\_Math</Filter>
    </ClInclude>
    <ClInclude Include="..\Library\_Math\RectRotor.hpp">
      <Filter>KabukiSDK-Library\_Math</Filter>
    </ClInclude>
    <ClInclude Include="..\Library\_Math\Vect2D.hpp">
      <Filter>KabukiSDK-Library\_Math</Filter>
    </ClInclude>
  </ItemGroup>
  <ItemGroup>
    <None Include="packages.config" />
    <None Include="..\Library\_Audio\ReadMe.md">
      <Filter>KabukiSDK-Library\_Audio</Filter>
    </None>
    <None Include="..\Library\_\ReadMe.md">
      <Filter>KabukiSDK-Library\_</Filter>
    </None>
    <None Include="..\Library\_Id\ReadMe.md">
      <Filter>KabukiSDK-Library\_Id</Filter>
    </None>
    <None Include="..\Library\_Math\ReadMe.md">
      <Filter>KabukiSDK-Library\_Math</Filter>
    </None>
  </ItemGroup>
  <ItemGroup>
    <ClCompile Include="..\Library\KabukiSDK-Impl\_App\Window.cpp">
      <Filter>KabukiSDK-Library\KabukiSDK-Impl\_App</Filter>
    </ClCompile>
    <ClCompile Include="..\Library\KabukiSDK-Impl\_App\App.cpp">
      <Filter>KabukiSDK-Library\KabukiSDK-Impl\_App</Filter>
    </ClCompile>
    <ClCompile Include="..\Library\KabukiSDK-Impl\_App\AppGroup.cpp">
      <Filter>KabukiSDK-Library\KabukiSDK-Impl\_App</Filter>
    </ClCompile>
    <ClCompile Include="..\Library\KabukiSDK-Impl\_G\Layer.cpp">
      <Filter>KabukiSDK-Library\KabukiSDK-Impl\_G</Filter>
    </ClCompile>
    <ClCompile Include="..\Library\KabukiSDK-Impl\_G\Polar.cpp">
      <Filter>KabukiSDK-Library\KabukiSDK-Impl\_G</Filter>
    </ClCompile>
    <ClCompile Include="..\Library\KabukiSDK-Impl\_G\Polygon.cpp">
      <Filter>KabukiSDK-Library\KabukiSDK-Impl\_G</Filter>
    </ClCompile>
    <ClCompile Include="..\Library\KabukiSDK-Impl\_G\Scene.cpp">
      <Filter>KabukiSDK-Library\KabukiSDK-Impl\_G</Filter>
    </ClCompile>
    <ClCompile Include="..\Library\KabukiSDK-Impl\_G\String.cpp">
      <Filter>KabukiSDK-Library\KabukiSDK-Impl\_G</Filter>
    </ClCompile>
    <ClCompile Include="..\Library\KabukiSDK-Impl\_G\Texture.cpp">
      <Filter>KabukiSDK-Library\KabukiSDK-Impl\_G</Filter>
    </ClCompile>
    <ClCompile Include="..\Library\KabukiSDK-Impl\_G\AnimatedTexture.cpp">
      <Filter>KabukiSDK-Library\KabukiSDK-Impl\_G</Filter>
    </ClCompile>
    <ClCompile Include="..\Library\KabukiSDK-Impl\_G\Caption.cpp">
      <Filter>KabukiSDK-Library\KabukiSDK-Impl\_G</Filter>
    </ClCompile>
    <ClCompile Include="..\Library\KabukiSDK-Impl\_G\Cell.cpp">
      <Filter>KabukiSDK-Library\KabukiSDK-Impl\_G</Filter>
    </ClCompile>
    <ClCompile Include="..\Library\KabukiSDK-Impl\_G\Color.cpp">
      <Filter>KabukiSDK-Library\KabukiSDK-Impl\_G</Filter>
    </ClCompile>
    <ClCompile Include="..\Library\KabukiSDK-Impl\_G\Colormap.cpp">
      <Filter>KabukiSDK-Library\KabukiSDK-Impl\_G</Filter>
    </ClCompile>
    <ClCompile Include="..\Library\KabukiSDK-Impl\_G\Elipse.cpp">
      <Filter>KabukiSDK-Library\KabukiSDK-Impl\_G</Filter>
    </ClCompile>
    <ClCompile Include="..\Library\KabukiSDK-Impl\_G\Entity.cpp">
      <Filter>KabukiSDK-Library\KabukiSDK-Impl\_G</Filter>
    </ClCompile>
    <ClCompile Include="..\Library\KabukiSDK-Impl\_G\Font.cpp">
      <Filter>KabukiSDK-Library\KabukiSDK-Impl\_G</Filter>
    </ClCompile>
    <ClCompile Include="..\Library\KabukiSDK-Impl\_G\Glyph.cpp">
      <Filter>KabukiSDK-Library\KabukiSDK-Impl\_G</Filter>
    </ClCompile>
    <ClCompile Include="..\Library\KabukiSDK-Impl\_G\Image.cpp">
      <Filter>KabukiSDK-Library\KabukiSDK-Impl\_G</Filter>
    </ClCompile>
    <ClCompile Include="..\Library\KabukiSDK-Impl\_Id\Account.cpp">
      <Filter>KabukiSDK-Library\KabukiSDK-Impl\_Id</Filter>
    </ClCompile>
    <ClCompile Include="..\Library\KabukiSDK-Impl\_Id\Address.cpp">
      <Filter>KabukiSDK-Library\KabukiSDK-Impl\_Id</Filter>
    </ClCompile>
    <ClCompile Include="..\Library\KabukiSDK-Impl\_Id\Date.cpp">
      <Filter>KabukiSDK-Library\KabukiSDK-Impl\_Id</Filter>
    </ClCompile>
    <ClCompile Include="..\Library\KabukiSDK-Impl\_Id\EmailAddress.cpp">
      <Filter>KabukiSDK-Library\KabukiSDK-Impl\_Id</Filter>
    </ClCompile>
    <ClCompile Include="..\Library\KabukiSDK-Impl\_Id\Entity.cpp">
      <Filter>KabukiSDK-Library\KabukiSDK-Impl\_Id</Filter>
    </ClCompile>
    <ClCompile Include="..\Library\KabukiSDK-Impl\_Id\EntityGroup.cpp">
      <Filter>KabukiSDK-Library\KabukiSDK-Impl\_Id</Filter>
    </ClCompile>
    <ClCompile Include="..\Library\KabukiSDK-Impl\_Id\EntityList.cpp">
      <Filter>KabukiSDK-Library\KabukiSDK-Impl\_Id</Filter>
    </ClCompile>
    <ClCompile Include="..\Library\KabukiSDK-Impl\_Id\Grammer.cpp">
      <Filter>KabukiSDK-Library\KabukiSDK-Impl\_Id</Filter>
    </ClCompile>
    <ClCompile Include="..\Library\KabukiSDK-Impl\_Id\Handle.cpp">
      <Filter>KabukiSDK-Library\KabukiSDK-Impl\_Id</Filter>
    </ClCompile>
    <ClCompile Include="..\KabukiSDK-Library\KabukiSDK-Impl\_Search\Hit.cpp">
      <Filter>KabukiSDK-Library\KabukiSDK-Impl\_Id</Filter>
    </ClCompile>
    <ClCompile Include="..\KabukiSDK-Library\KabukiSDK-Impl\_Search\HitList.cpp">
      <Filter>KabukiSDK-Library\KabukiSDK-Impl\_Id</Filter>
    </ClCompile>
    <ClCompile Include="..\KabukiSDK-Library\KabukiSDK-Impl\_Search\Library.cpp">
      <Filter>KabukiSDK-Library\KabukiSDK-Impl\_Id</Filter>
    </ClCompile>
    <ClCompile Include="..\Library\KabukiSDK-Impl\_Id\Name.cpp">
      <Filter>KabukiSDK-Library\KabukiSDK-Impl\_Id</Filter>
    </ClCompile>
    <ClCompile Include="..\Library\KabukiSDK-Impl\_Id\OAthAccount.cpp">
      <Filter>KabukiSDK-Library\KabukiSDK-Impl\_Id</Filter>
    </ClCompile>
    <ClCompile Include="..\Library\KabukiSDK-Impl\_Id\Organization.cpp">
      <Filter>KabukiSDK-Library\KabukiSDK-Impl\_Id</Filter>
    </ClCompile>
    <ClCompile Include="..\Library\KabukiSDK-Impl\_Id\Password.cpp">
      <Filter>KabukiSDK-Library\KabukiSDK-Impl\_Id</Filter>
    </ClCompile>
    <ClCompile Include="..\Library\KabukiSDK-Impl\_Id\Person.cpp">
      <Filter>KabukiSDK-Library\KabukiSDK-Impl\_Id</Filter>
    </ClCompile>
    <ClCompile Include="..\Library\KabukiSDK-Impl\_Id\Privilage.cpp">
      <Filter>KabukiSDK-Library\KabukiSDK-Impl\_Id</Filter>
    </ClCompile>
    <ClCompile Include="..\Library\KabukiSDK-Impl\_Id\Profile.cpp">
      <Filter>KabukiSDK-Library\KabukiSDK-Impl\_Id</Filter>
    </ClCompile>
    <ClCompile Include="..\Library\KabukiSDK-Impl\_Id\Relationship.cpp">
      <Filter>KabukiSDK-Library\KabukiSDK-Impl\_Id</Filter>
    </ClCompile>
    <ClCompile Include="..\KabukiSDK-Library\KabukiSDK-Impl\_Search\TagLibrary.cpp">
      <Filter>KabukiSDK-Library\KabukiSDK-Impl\_Id</Filter>
    </ClCompile>
    <ClCompile Include="..\Library\KabukiSDK-Impl\_Id\User.cpp">
      <Filter>KabukiSDK-Library\KabukiSDK-Impl\_Id</Filter>
    </ClCompile>
    <ClCompile Include="..\Library\KabukiSDK-Impl\_Id\UserList.cpp">
      <Filter>KabukiSDK-Library\KabukiSDK-Impl\_Id</Filter>
    </ClCompile>
    <ClCompile Include="..\Library\KabukiSDK-Impl\_\EventSequence.cpp">
      <Filter>KabukiSDK-Library\KabukiSDK-Impl\_</Filter>
    </ClCompile>
    <ClCompile Include="..\Library\KabukiSDK-Impl\_\KeyboardBuffer.cpp">
      <Filter>KabukiSDK-Library\KabukiSDK-Impl\_</Filter>
    </ClCompile>
    <ClCompile Include="..\Library\KabukiSDK-Impl\_\MorseCode.cpp">
      <Filter>KabukiSDK-Library\KabukiSDK-Impl\_</Filter>
    </ClCompile>
    <ClCompile Include="..\Library\KabukiSDK-Impl\_\Print.cpp">
      <Filter>KabukiSDK-Library\KabukiSDK-Impl\_</Filter>
    </ClCompile>
    <ClCompile Include="..\Library\KabukiSDK-Impl\_\ErrorList.cpp">
      <Filter>KabukiSDK-Library\KabukiSDK-Impl\_</Filter>
    </ClCompile>
    <ClCompile Include="..\Library\KabukiSDK-Impl\_G\SwRenderer.cpp">
      <Filter>KabukiSDK-Library\KabukiSDK-Impl\_G</Filter>
    </ClCompile>
    <ClCompile Include="..\Library\KabukiSDK-Impl\_Math\BCD.cpp">
      <Filter>KabukiSDK-Library\KabukiSDK-Impl\_Math</Filter>
    </ClCompile>
    <ClCompile Include="..\Library\KabukiSDK-Impl\_Math\Bezier.cpp">
      <Filter>KabukiSDK-Library\KabukiSDK-Impl\_Math</Filter>
    </ClCompile>
    <ClCompile Include="..\Library\KabukiSDK-Impl\_Math\Binary.cpp">
      <Filter>KabukiSDK-Library\KabukiSDK-Impl\_Math</Filter>
    </ClCompile>
    <ClCompile Include="..\Library\KabukiSDK-Impl\_Math\Calc.cpp">
      <Filter>KabukiSDK-Library\KabukiSDK-Impl\_Math</Filter>
    </ClCompile>
    <ClCompile Include="..\Library\KabukiSDK-Impl\_Math\Complex.cpp">
      <Filter>KabukiSDK-Library\KabukiSDK-Impl\_Math</Filter>
    </ClCompile>
    <ClCompile Include="..\Library\KabukiSDK-Impl\_Math\Equation.cpp">
      <Filter>KabukiSDK-Library\KabukiSDK-Impl\_Math</Filter>
    </ClCompile>
    <ClCompile Include="..\Library\KabukiSDK-Impl\_Math\Hex.cpp">
      <Filter>KabukiSDK-Library\KabukiSDK-Impl\_Math</Filter>
    </ClCompile>
    <ClCompile Include="..\Library\KabukiSDK-Impl\_Math\InvalidPathException.cpp">
      <Filter>KabukiSDK-Library\KabukiSDK-Impl\_Math</Filter>
    </ClCompile>
    <ClCompile Include="..\Library\KabukiSDK-Impl\_Math\Matrix.cpp">
      <Filter>KabukiSDK-Library\KabukiSDK-Impl\_Math</Filter>
    </ClCompile>
    <ClCompile Include="..\Library\KabukiSDK-Impl\_Math\Point2D.cpp">
      <Filter>KabukiSDK-Library\KabukiSDK-Impl\_Math</Filter>
    </ClCompile>
    <ClCompile Include="..\Library\KabukiSDK-Impl\_Math\Point3D.cpp">
      <Filter>KabukiSDK-Library\KabukiSDK-Impl\_Math</Filter>
    </ClCompile>
    <ClCompile Include="..\Library\KabukiSDK-Impl\_Math\Polar2D.cpp">
      <Filter>KabukiSDK-Library\KabukiSDK-Impl\_Math</Filter>
    </ClCompile>
    <ClCompile Include="..\Library\KabukiSDK-Impl\_Math\Poly2D.cpp">
      <Filter>KabukiSDK-Library\KabukiSDK-Impl\_Math</Filter>
    </ClCompile>
    <ClCompile Include="..\Library\KabukiSDK-Impl\_Math\Poly3D.cpp">
      <Filter>KabukiSDK-Library\KabukiSDK-Impl\_Math</Filter>
    </ClCompile>
    <ClCompile Include="..\Library\KabukiSDK-Impl\_Math\Quad2D.cpp">
      <Filter>KabukiSDK-Library\KabukiSDK-Impl\_Math</Filter>
    </ClCompile>
    <ClCompile Include="..\Library\KabukiSDK-Impl\_Math\QuadBezier.cpp">
      <Filter>KabukiSDK-Library\KabukiSDK-Impl\_Math</Filter>
    </ClCompile>
    <ClCompile Include="..\Library\KabukiSDK-Impl\_Math\Rect2D.cpp">
      <Filter>KabukiSDK-Library\KabukiSDK-Impl\_Math</Filter>
    </ClCompile>
    <ClCompile Include="..\Library\KabukiSDK-Impl\_Math\Rect2DRotor.cpp">
      <Filter>KabukiSDK-Library\KabukiSDK-Impl\_Math</Filter>
    </ClCompile>
    <ClCompile Include="..\Library\KabukiSDK-Impl\_Math\Vect2D.cpp">
      <Filter>KabukiSDK-Library\KabukiSDK-Impl\_Math</Filter>
    </ClCompile>
    <ClCompile Include="..\Library\KabukiSDK-Impl\_Math\Angle2D.cpp">
      <Filter>KabukiSDK-Library\KabukiSDK-Impl\_Math</Filter>
    </ClCompile>
  </ItemGroup>
</Project>