<?xml version="1.0" encoding="utf-8"?>
<Project ToolsVersion="4.0" xmlns="http://schemas.microsoft.com/developer/msbuild/2003">
  <ItemGroup>
    <Filter Include="Resource Files">
      <UniqueIdentifier>{67DA6AB6-F800-4c08-8B7A-83BB121AAD01}</UniqueIdentifier>
      <Extensions>rc;ico;cur;bmp;dlg;rc2;rct;bin;rgs;gif;jpg;jpeg;jpe;resx;tiff;tif;png;wav;mfcribbon-ms</Extensions>
    </Filter>
    <Filter Include="kabuki">
      <UniqueIdentifier>{93995380-89BD-4b04-88EB-625FBE52EBFB}</UniqueIdentifier>
      <Extensions>h;hh;hpp;hxx;hm;inl;inc;ipp;xsd</Extensions>
    </Filter>
    <Filter Include="kabuki\f2">
      <UniqueIdentifier>{e509a2ff-6dec-4423-82a9-70845d2eaf92}</UniqueIdentifier>
    </Filter>
    <Filter Include="seam_00">
      <UniqueIdentifier>{4FC737F1-C7A5-4376-A066-2A32D752A2FF}</UniqueIdentifier>
      <Extensions>cpp;c;cc;cxx;def;odl;idl;hpj;bat;asm;asmx</Extensions>
    </Filter>
    <Filter Include="seam_00\00">
      <UniqueIdentifier>{f1b4d4c4-3d20-4ca6-976c-28026dec3322}</UniqueIdentifier>
    </Filter>
    <Filter Include="seam_00\00\00_test_f2">
      <UniqueIdentifier>{8097299a-8ff6-4073-bf3e-f9ac46f0c1a2}</UniqueIdentifier>
    </Filter>
    <Filter Include="seam_00\00\00_test_f2\00">
      <UniqueIdentifier>{a930541f-abfe-4a4b-870d-bf832ffdc269}</UniqueIdentifier>
    </Filter>
    <Filter Include="seam_00\00\00_test_f2\01">
      <UniqueIdentifier>{5df014b6-2ba8-49ae-abec-b77c730f65f9}</UniqueIdentifier>
    </Filter>
    <Filter Include="seam_00\00\00_test_f2\02">
      <UniqueIdentifier>{356fbbae-f866-4aaa-a912-ab68ea260758}</UniqueIdentifier>
    </Filter>
    <Filter Include="seam_00\00\00_test_f2\03">
      <UniqueIdentifier>{eb8ed47b-7fa4-4130-b3ef-ed65da6fed0b}</UniqueIdentifier>
    </Filter>
    <Filter Include="seam_00\00\00_test_f2\04">
      <UniqueIdentifier>{18156168-3851-4aef-b37a-025ea7bfebe4}</UniqueIdentifier>
    </Filter>
    <Filter Include="seam_00\00\00_test_f2\05">
      <UniqueIdentifier>{7e5cc901-7bca-46c7-9641-f765c5f2a46e}</UniqueIdentifier>
    </Filter>
    <Filter Include="seam_00\00\00_test_f2\06">
      <UniqueIdentifier>{ae3e2f72-82eb-4bf6-bb40-13613344c153}</UniqueIdentifier>
    </Filter>
    <Filter Include="seam_00\00\00_test_f2\07">
      <UniqueIdentifier>{050e1e9a-0643-4bb4-ad67-f466e5146d10}</UniqueIdentifier>
    </Filter>
    <Filter Include="seam_00\00\00_test_f2\08">
      <UniqueIdentifier>{2e929e24-bb4b-45cb-b494-c1813c1b7610}</UniqueIdentifier>
    </Filter>
    <Filter Include="seam_00\00\00_test_f2\09">
      <UniqueIdentifier>{263454c4-5f29-40ea-8421-57402d4de749}</UniqueIdentifier>
    </Filter>
    <Filter Include="seam_00\00\00_test_f2\10">
      <UniqueIdentifier>{81dbdcdc-aeec-499f-a394-053decf3a445}</UniqueIdentifier>
    </Filter>
    <Filter Include="seam_00\00\00_test_f2\11">
      <UniqueIdentifier>{ffa2d26b-bda9-4d1c-8978-bbe9e1926de1}</UniqueIdentifier>
    </Filter>
    <Filter Include="seam_00\00\00_test_f2\12">
      <UniqueIdentifier>{dc0523c5-871d-4740-bd38-987350930212}</UniqueIdentifier>
    </Filter>
    <Filter Include="seam_00\00\00_test_f2\13">
      <UniqueIdentifier>{67401e7a-9e40-4b0d-9a4f-f06835081310}</UniqueIdentifier>
    </Filter>
  </ItemGroup>
  <ItemGroup>
    <ClCompile Include="..\..\..\kabuki\f2\f2_binary.cc">
      <Filter>kabuki\f2</Filter>
    </ClCompile>
    <ClCompile Include="..\..\..\kabuki\f2\f2_clock.cc">
      <Filter>kabuki\f2</Filter>
    </ClCompile>
    <ClCompile Include="..\..\..\kabuki\f2\f2_console.cc">
      <Filter>kabuki\f2</Filter>
    </ClCompile>
    <ClCompile Include="..\..\..\kabuki\f2\f2_obj.cc">
      <Filter>kabuki\f2</Filter>
    </ClCompile>
    <ClCompile Include="..\..\..\kabuki\f2\f2_rng.cc">
      <Filter>kabuki\f2</Filter>
    </ClCompile>
    <ClCompile Include="..\..\..\kabuki\f2\f2_socket.cc">
      <Filter>kabuki\f2</Filter>
    </ClCompile>
    <ClCompile Include="..\..\..\kabuki\f2\f2_str.cc">
      <Filter>kabuki\f2</Filter>
    </ClCompile>
    <ClCompile Include="..\..\..\kabuki\f2\f2_test.cc">
      <Filter>kabuki\f2</Filter>
    </ClCompile>
    <ClCompile Include="..\..\..\kabuki\f2\f2_vk.cc">
      <Filter>kabuki\f2</Filter>
    </ClCompile>
    <ClCompile Include="..\..\..\kabuki\f2\f2_align.cc">
      <Filter>kabuki\f2</Filter>
    </ClCompile>
    <ClCompile Include="..\..\..\kabuki\f2\f2_benchmark.cc">
      <Filter>kabuki\f2</Filter>
    </ClCompile>
    <ClCompile Include="..\..\..\kabuki\f2\f2_lock.cc">
      <Filter>kabuki\f2</Filter>
    </ClCompile>
    <ClCompile Include="..\..\..\seam_tree.cc" />
    <ClCompile Include="..\..\..\kabuki\f2\f2_ascii_data.cc">
      <Filter>kabuki\f2</Filter>
    </ClCompile>
  </ItemGroup>
  <ItemGroup>
    <ClInclude Include="00\header.h">
      <Filter>seam_00\00\00_test_f2\00</Filter>
    </ClInclude>
    <ClInclude Include="02\header.h">
      <Filter>seam_00\00\00_test_f2\02</Filter>
    </ClInclude>
    <ClInclude Include="02\footer.h">
      <Filter>seam_00\00\00_test_f2\02</Filter>
    </ClInclude>
    <ClInclude Include="03\header.h">
      <Filter>seam_00\00\00_test_f2\03</Filter>
    </ClInclude>
    <ClInclude Include="03\footer.h">
      <Filter>seam_00\00\00_test_f2\03</Filter>
    </ClInclude>
    <ClInclude Include="04\footer.h">
      <Filter>seam_00\00\00_test_f2\04</Filter>
    </ClInclude>
    <ClInclude Include="04\header.h">
      <Filter>seam_00\00\00_test_f2\04</Filter>
    </ClInclude>
    <ClInclude Include="05\footer.h">
      <Filter>seam_00\00\00_test_f2\05</Filter>
    </ClInclude>
    <ClInclude Include="05\header.h">
      <Filter>seam_00\00\00_test_f2\05</Filter>
    </ClInclude>
    <ClInclude Include="..\..\..\kabuki\f2\align.h">
      <Filter>kabuki\f2</Filter>
    </ClInclude>
    <ClInclude Include="..\..\..\kabuki\f2\ascii.h">
      <Filter>kabuki\f2</Filter>
    </ClInclude>
    <ClInclude Include="..\..\..\kabuki\f2\benchmark.h">
      <Filter>kabuki\f2</Filter>
    </ClInclude>
    <ClInclude Include="..\..\..\kabuki\f2\binary.h">
      <Filter>kabuki\f2</Filter>
    </ClInclude>
    <ClInclude Include="..\..\..\kabuki\f2\clock.h">
      <Filter>kabuki\f2</Filter>
    </ClInclude>
    <ClInclude Include="..\..\..\kabuki\f2\config.h">
      <Filter>kabuki\f2</Filter>
    </ClInclude>
    <ClInclude Include="..\..\..\kabuki\f2\console.h">
      <Filter>kabuki\f2</Filter>
    </ClInclude>
    <ClInclude Include="..\..\..\kabuki\f2\global.h">
      <Filter>kabuki\f2</Filter>
    </ClInclude>
    <ClInclude Include="..\..\..\kabuki\f2\obj.h">
      <Filter>kabuki\f2</Filter>
    </ClInclude>
    <ClInclude Include="..\..\..\kabuki\f2\public.h">
      <Filter>kabuki\f2</Filter>
    </ClInclude>
    <ClInclude Include="..\..\..\kabuki\f2\rng.h">
      <Filter>kabuki\f2</Filter>
    </ClInclude>
    <ClInclude Include="..\..\..\kabuki\f2\socket.h">
      <Filter>kabuki\f2</Filter>
    </ClInclude>
    <ClInclude Include="..\..\..\kabuki\f2\str.h">
      <Filter>kabuki\f2</Filter>
    </ClInclude>
    <ClInclude Include="..\..\..\kabuki\f2\str1.h">
      <Filter>kabuki\f2</Filter>
    </ClInclude>
    <ClInclude Include="..\..\..\kabuki\f2\str2.h">
      <Filter>kabuki\f2</Filter>
    </ClInclude>
    <ClInclude Include="..\..\..\kabuki\f2\str4.h">
      <Filter>kabuki\f2</Filter>
    </ClInclude>
    <ClInclude Include="..\..\..\kabuki\f2\talign.h">
      <Filter>kabuki\f2</Filter>
    </ClInclude>
    <ClInclude Include="..\..\..\kabuki\f2\tarray.h">
      <Filter>kabuki\f2</Filter>
    </ClInclude>
    <ClInclude Include="..\..\..\kabuki\f2\tbenchmark.h">
      <Filter>kabuki\f2</Filter>
    </ClInclude>
    <ClInclude Include="..\..\..\kabuki\f2\tbinary.h">
      <Filter>kabuki\f2</Filter>
    </ClInclude>
    <ClInclude Include="..\..\..\kabuki\f2\tclock.h">
      <Filter>kabuki\f2</Filter>
    </ClInclude>
    <ClInclude Include="..\..\..\kabuki\f2\tconsole.h">
      <Filter>kabuki\f2</Filter>
    </ClInclude>
    <ClInclude Include="..\..\..\kabuki\f2\tdic.h">
      <Filter>kabuki\f2</Filter>
    </ClInclude>
    <ClInclude Include="..\..\..\kabuki\f2\test.h">
      <Filter>kabuki\f2</Filter>
    </ClInclude>
    <ClInclude Include="..\..\..\kabuki\f2\test_footer.h">
      <Filter>kabuki\f2</Filter>
    </ClInclude>
    <ClInclude Include="..\..\..\kabuki\f2\tlom.h">
      <Filter>kabuki\f2</Filter>
    </ClInclude>
    <ClInclude Include="..\..\..\kabuki\f2\tlst.h">
      <Filter>kabuki\f2</Filter>
    </ClInclude>
    <ClInclude Include="..\..\..\kabuki\f2\tmap.h">
      <Filter>kabuki\f2</Filter>
    </ClInclude>
    <ClInclude Include="..\..\..\kabuki\f2\tobj.h">
      <Filter>kabuki\f2</Filter>
    </ClInclude>
    <ClInclude Include="..\..\..\kabuki\f2\trng.h">
      <Filter>kabuki\f2</Filter>
    </ClInclude>
    <ClInclude Include="..\..\..\kabuki\f2\tset.h">
      <Filter>kabuki\f2</Filter>
    </ClInclude>
    <ClInclude Include="..\..\..\kabuki\f2\tsocket.h">
      <Filter>kabuki\f2</Filter>
    </ClInclude>
    <ClInclude Include="..\..\..\kabuki\f2\tstk.h">
      <Filter>kabuki\f2</Filter>
    </ClInclude>
    <ClInclude Include="..\..\..\kabuki\f2\tstr.h">
      <Filter>kabuki\f2</Filter>
    </ClInclude>
    <ClInclude Include="..\..\..\kabuki\f2\ttbl.h">
      <Filter>kabuki\f2</Filter>
    </ClInclude>
    <ClInclude Include="..\..\..\kabuki\f2\ttest.h">
      <Filter>kabuki\f2</Filter>
    </ClInclude>
    <ClInclude Include="..\..\..\kabuki\f2\varint.h">
      <Filter>kabuki\f2</Filter>
    </ClInclude>
    <ClInclude Include="..\..\..\kabuki\f2\vk.h">
      <Filter>kabuki\f2</Filter>
    </ClInclude>
    <ClInclude Include="..\..\..\kabuki\f2\ascii_data.h">
      <Filter>kabuki\f2</Filter>
    </ClInclude>
    <ClInclude Include="..\..\..\kabuki\f2\lock.h">
      <Filter>kabuki\f2</Filter>
    </ClInclude>
    <ClInclude Include="..\..\..\kabuki\f2\tascii_data.h">
      <Filter>kabuki\f2</Filter>
    </ClInclude>
    <ClInclude Include="..\..\..\header.h" />
    <ClInclude Include="..\..\..\footer.h" />
    <ClInclude Include="..\..\seam_kabuki.h">
      <Filter>seam_00</Filter>
    </ClInclude>
    <ClInclude Include="..\..\footer.h">
      <Filter>seam_00</Filter>
    </ClInclude>
    <ClInclude Include="..\..\header.h">
      <Filter>seam_00</Filter>
    </ClInclude>
    <ClInclude Include="..\header.h">
      <Filter>seam_00\00</Filter>
    </ClInclude>
    <ClInclude Include="..\seam_terminal.h">
      <Filter>seam_00\00</Filter>
    </ClInclude>
    <ClInclude Include="..\footer.h">
      <Filter>seam_00\00</Filter>
    </ClInclude>
    <ClInclude Include="header.h">
      <Filter>seam_00\00\00_test_f2</Filter>
    </ClInclude>
    <ClInclude Include="pch.h">
      <Filter>seam_00\00\00_test_f2</Filter>
    </ClInclude>
    <ClInclude Include="seam.h">
      <Filter>seam_00\00\00_test_f2</Filter>
    </ClInclude>
    <ClInclude Include="footer.h">
      <Filter>seam_00\00\00_test_f2</Filter>
    </ClInclude>
    <ClInclude Include="00\footer.h">
      <Filter>seam_00\00\00_test_f2\00</Filter>
    </ClInclude>
    <ClInclude Include="07\header.h">
      <Filter>seam_00\00\00_test_f2\07</Filter>
    </ClInclude>
    <ClInclude Include="07\footer.h">
      <Filter>seam_00\00\00_test_f2\07</Filter>
    </ClInclude>
    <ClInclude Include="08\header.h">
      <Filter>seam_00\00\00_test_f2\08</Filter>
    </ClInclude>
    <ClInclude Include="08\footer.h">
      <Filter>seam_00\00\00_test_f2\08</Filter>
    </ClInclude>
    <ClInclude Include="09\footer.h">
      <Filter>seam_00\00\00_test_f2\09</Filter>
    </ClInclude>
    <ClInclude Include="09\header.h">
      <Filter>seam_00\00\00_test_f2\09</Filter>
    </ClInclude>
    <ClInclude Include="10\footer.h">
      <Filter>seam_00\00\00_test_f2\10</Filter>
    </ClInclude>
    <ClInclude Include="10\header.h">
      <Filter>seam_00\00\00_test_f2\10</Filter>
    </ClInclude>
    <ClInclude Include="11\header.h">
      <Filter>seam_00\00\00_test_f2\11</Filter>
    </ClInclude>
    <ClInclude Include="11\footer.h">
      <Filter>seam_00\00\00_test_f2\11</Filter>
    </ClInclude>
    <ClInclude Include="12\footer.h">
      <Filter>seam_00\00\00_test_f2\12</Filter>
    </ClInclude>
    <ClInclude Include="12\header.h">
      <Filter>seam_00\00\00_test_f2\12</Filter>
    </ClInclude>
    <ClInclude Include="13\footer.h">
      <Filter>seam_00\00\00_test_f2\13</Filter>
    </ClInclude>
    <ClInclude Include="13\header.h">
      <Filter>seam_00\00\00_test_f2\13</Filter>
    </ClInclude>
    <ClInclude Include="..\..\..\kabuki\f2\tbook.h">
      <Filter>kabuki\f2</Filter>
    </ClInclude>
    <ClInclude Include="06\footer.h">
      <Filter>seam_00\00\00_test_f2\06</Filter>
    </ClInclude>
    <ClInclude Include="06\header.h">
      <Filter>seam_00\00\00_test_f2\06</Filter>
    </ClInclude>
    <ClInclude Include="01\footer.h">
      <Filter>seam_00\00\00_test_f2\01</Filter>
    </ClInclude>
    <ClInclude Include="01\header.h">
      <Filter>seam_00\00\00_test_f2\01</Filter>
    </ClInclude>
    <ClInclude Include="00\test_itos_and_stoi.h">
      <Filter>seam_00\00\00_test_f2\00</Filter>
    </ClInclude>
    <ClInclude Include="13\test_ascii_dictionary.h">
      <Filter>seam_00\00\00_test_f2\13</Filter>
    </ClInclude>
    <ClInclude Include="12\test_ascii_book.h">
      <Filter>seam_00\00\00_test_f2\12</Filter>
    </ClInclude>
    <ClInclude Include="11\test_ascii_map.h">
      <Filter>seam_00\00\00_test_f2\11</Filter>
    </ClInclude>
    <ClInclude Include="10\test_ascii_list.h">
      <Filter>seam_00\00\00_test_f2\10</Filter>
    </ClInclude>
    <ClInclude Include="09\test_ascii_varint.h">
      <Filter>seam_00\00\00_test_f2\09</Filter>
    </ClInclude>
    <ClInclude Include="08\test_ascii_table.h">
      <Filter>seam_00\00\00_test_f2\08</Filter>
    </ClInclude>
    <ClInclude Include="07\test_ascii_loom.h">
      <Filter>seam_00\00\00_test_f2\07</Filter>
    </ClInclude>
    <ClInclude Include="06\test_ascii_array.h">
      <Filter>seam_00\00\00_test_f2\06</Filter>
    </ClInclude>
    <ClInclude Include="05\test_ascii_stack.h">
      <Filter>seam_00\00\00_test_f2\05</Filter>
    </ClInclude>
    <ClInclude Include="04\test_ascii_clock.h">
      <Filter>seam_00\00\00_test_f2\04</Filter>
    </ClInclude>
    <ClInclude Include="03\test_ascii_strings.h">
      <Filter>seam_00\00\00_test_f2\03</Filter>
    </ClInclude>
    <ClInclude Include="02\test_core_text_functions.h">
      <Filter>seam_00\00\00_test_f2\02</Filter>
    </ClInclude>
    <ClInclude Include="01\test_ftos_and_stof.h">
      <Filter>seam_00\00\00_test_f2\01</Filter>
    </ClInclude>
  </ItemGroup>
  <ItemGroup>
    <None Include="00\readme.md">
      <Filter>seam_00\00\00_test_f2\00</Filter>
    </None>
    <None Include="02\readme.md">
      <Filter>seam_00\00\00_test_f2\02</Filter>
    </None>
    <None Include="03\readme.md">
      <Filter>seam_00\00\00_test_f2\03</Filter>
    </None>
    <None Include="04\readme.md">
      <Filter>seam_00\00\00_test_f2\04</Filter>
    </None>
    <None Include="05\readme.md">
      <Filter>seam_00\00\00_test_f2\05</Filter>
    </None>
    <None Include="..\..\..\kabuki\f2\readme.md">
      <Filter>kabuki\f2</Filter>
    </None>
    <None Include="..\..\..\README.md" />
    <None Include="..\..\readme.md">
      <Filter>seam_00</Filter>
    </None>
    <None Include="..\readme.md">
      <Filter>seam_00\00</Filter>
    </None>
    <None Include="readme.md">
      <Filter>seam_00\00\00_test_f2</Filter>
    </None>
    <None Include="07\readme.md">
      <Filter>seam_00\00\00_test_f2\07</Filter>
    </None>
    <None Include="08\readme.md">
      <Filter>seam_00\00\00_test_f2\08</Filter>
    </None>
    <None Include="09\readme.md">
      <Filter>seam_00\00\00_test_f2\09</Filter>
    </None>
    <None Include="10\readme.md">
      <Filter>seam_00\00\00_test_f2\10</Filter>
    </None>
    <None Include="11\readme.md">
      <Filter>seam_00\00\00_test_f2\11</Filter>
    </None>
    <None Include="12\readme.md">
      <Filter>seam_00\00\00_test_f2\12</Filter>
    </None>
    <None Include="13\readme.md">
      <Filter>seam_00\00\00_test_f2\13</Filter>
    </None>
    <None Include="06\readme.md">
      <Filter>seam_00\00\00_test_f2\06</Filter>
    </None>
    <None Include="01\readme.md">
      <Filter>seam_00\00\00_test_f2\01</Filter>
    </None>
  </ItemGroup>
</Project>