<?xml version="1.0" encoding="utf-8"?>
<Project ToolsVersion="4.0" xmlns="http://schemas.microsoft.com/developer/msbuild/2003">
  <ItemGroup>
    <Filter Include="Resource Files">
      <UniqueIdentifier>{67DA6AB6-F800-4c08-8B7A-83BB121AAD01}</UniqueIdentifier>
      <Extensions>rc;ico;cur;bmp;dlg;rc2;rct;bin;rgs;gif;jpg;jpeg;jpe;resx;tiff;tif;png;wav;mfcribbon-ms</Extensions>
    </Filter>
    <Filter Include="projects">
      <UniqueIdentifier>{6589eb07-e702-4ed2-990c-d6f5a0958bc7}</UniqueIdentifier>
    </Filter>
    <Filter Include="source">
      <UniqueIdentifier>{334c6c83-7920-40e1-afa7-ffb60eb72e2a}</UniqueIdentifier>
    </Filter>
    <Filter Include="source\kabuki">
      <UniqueIdentifier>{b4ac0909-35e2-42f0-8618-92e858d43b2e}</UniqueIdentifier>
    </Filter>
    <Filter Include="source\kabuki\script">
      <UniqueIdentifier>{4FC737F1-C7A5-4376-A066-2A32D752A2FF}</UniqueIdentifier>
      <Extensions>cpp;c;cc;cxx;def;odl;idl;hpj;bat;asm;asmx</Extensions>
    </Filter>
    <Filter Include="source\kabuki\serial">
      <UniqueIdentifier>{fce213eb-46b8-4537-9885-65a2468365f6}</UniqueIdentifier>
    </Filter>
    <Filter Include="source\kabuki\al">
      <UniqueIdentifier>{b14ecb67-64d7-487c-be33-fe037f6e806e}</UniqueIdentifier>
    </Filter>
    <Filter Include="source\kabuki\app">
      <UniqueIdentifier>{b94e7c27-d80e-43ad-a0d5-f10f6fa3b309}</UniqueIdentifier>
    </Filter>
    <Filter Include="source\kabuki\biz">
      <UniqueIdentifier>{46d557eb-f2c0-4511-a005-8c50f52803b4}</UniqueIdentifier>
    </Filter>
    <Filter Include="source\kabuki\code">
      <UniqueIdentifier>{e6d8db89-0a24-4dd9-b44b-8e12a5eac984}</UniqueIdentifier>
    </Filter>
    <Filter Include="source\kabuki\data">
      <UniqueIdentifier>{1199cb80-6bd0-4f7d-a347-ccefa0ec89d4}</UniqueIdentifier>
    </Filter>
    <Filter Include="source\kabuki\file">
      <UniqueIdentifier>{caa2cf5c-efed-4015-acc9-4802e257575c}</UniqueIdentifier>
    </Filter>
    <Filter Include="source\kabuki\gl">
      <UniqueIdentifier>{a4fd0a38-ad1b-48af-b990-defad848215d}</UniqueIdentifier>
    </Filter>
    <Filter Include="source\kabuki\gui">
      <UniqueIdentifier>{08cb46bc-08ca-4f88-86ca-282bc9d069d5}</UniqueIdentifier>
    </Filter>
    <Filter Include="source\kabuki\id">
      <UniqueIdentifier>{bb404d24-983a-4f80-8f6a-9ea515d4f6fc}</UniqueIdentifier>
    </Filter>
    <Filter Include="source\kabuki\hmi">
      <UniqueIdentifier>{8b15bd81-b35a-4c27-825c-8b95b49b106f}</UniqueIdentifier>
    </Filter>
    <Filter Include="source\kabuki\json">
      <UniqueIdentifier>{b6510f7b-1a8f-4435-9073-7be6a611f9f2}</UniqueIdentifier>
    </Filter>
    <Filter Include="source\kabuki\math">
      <UniqueIdentifier>{de4d44c9-dee1-489e-b56e-8293be477ccd}</UniqueIdentifier>
    </Filter>
    <Filter Include="source\kabuki\midi">
      <UniqueIdentifier>{e74ab7e3-4e5c-43d4-96bd-cfb5ddd6c84c}</UniqueIdentifier>
    </Filter>
    <Filter Include="source\kabuki\pplx">
      <UniqueIdentifier>{f756ca20-1636-4d16-991d-c9b7937ce0ef}</UniqueIdentifier>
    </Filter>
    <Filter Include="source\kabuki\process">
      <UniqueIdentifier>{9fbf3dd6-9a6d-4f82-af91-afd955ee2d87}</UniqueIdentifier>
    </Filter>
    <Filter Include="source\kabuki\utils">
      <UniqueIdentifier>{c35e66f1-cf3e-4e1a-8bbd-ecc15d036cfe}</UniqueIdentifier>
    </Filter>
    <Filter Include="source\kabuki\video">
      <UniqueIdentifier>{82b73a56-2698-4391-9e92-14514dee7158}</UniqueIdentifier>
    </Filter>
    <Filter Include="source\kabuki\web">
      <UniqueIdentifier>{bcecd50d-9ef4-4d62-960a-467a1eed05ec}</UniqueIdentifier>
    </Filter>
    <Filter Include="source\kabuki\ws">
      <UniqueIdentifier>{f74be4e0-3678-4673-8ac6-c7e66435a828}</UniqueIdentifier>
    </Filter>
    <Filter Include="source\kabuki\aiml">
      <UniqueIdentifier>{5b844195-171c-4caf-99a6-af067a9a8dde}</UniqueIdentifier>
    </Filter>
    <Filter Include="source\kabuki\pro_files">
      <UniqueIdentifier>{d9d6a492-c025-4d20-8429-b996d3596888}</UniqueIdentifier>
    </Filter>
    <Filter Include="source\kabuki\pro">
      <UniqueIdentifier>{65351b5c-bf53-4c38-b303-05ce52229b1f}</UniqueIdentifier>
    </Filter>
    <Filter Include="source\kabuki\tek">
      <UniqueIdentifier>{82f1dc28-77e4-46d5-ab04-0675b56a584c}</UniqueIdentifier>
    </Filter>
  </ItemGroup>
  <ItemGroup>
    <ClInclude Include="assembly.h">
      <Filter>source\kabuki</Filter>
    </ClInclude>
    <ClInclude Include="stdafx.h">
      <Filter>source\kabuki</Filter>
    </ClInclude>
    <ClInclude Include="targetver.h">
      <Filter>source\kabuki</Filter>
    </ClInclude>
    <ClInclude Include="kabuki_toolkit.h">
      <Filter>source\kabuki</Filter>
    </ClInclude>
    <ClInclude Include="script\operation.h">
      <Filter>source\kabuki\script</Filter>
    </ClInclude>
    <ClInclude Include="script\portal.h">
      <Filter>source\kabuki\script</Filter>
    </ClInclude>
    <ClInclude Include="script\room.h">
      <Filter>source\kabuki\script</Filter>
    </ClInclude>
    <ClInclude Include="script\set.h">
      <Filter>source\kabuki\script</Filter>
    </ClInclude>
    <ClInclude Include="script\slot.h">
      <Filter>source\kabuki\script</Filter>
    </ClInclude>
    <ClInclude Include="script\table.h">
      <Filter>source\kabuki\script</Filter>
    </ClInclude>
    <ClInclude Include="script\tarray.h">
      <Filter>source\kabuki\script</Filter>
    </ClInclude>
    <ClInclude Include="script\tbag.h">
      <Filter>source\kabuki\script</Filter>
    </ClInclude>
    <ClInclude Include="script\tbook.h">
      <Filter>source\kabuki\script</Filter>
    </ClInclude>
    <ClInclude Include="script\text.h">
      <Filter>source\kabuki\script</Filter>
    </ClInclude>
    <ClInclude Include="script\tlist.h">
      <Filter>source\kabuki\script</Filter>
    </ClInclude>
    <ClInclude Include="script\tmap.h">
      <Filter>source\kabuki\script</Filter>
    </ClInclude>
    <ClInclude Include="script\tstack.h">
      <Filter>source\kabuki\script</Filter>
    </ClInclude>
    <ClInclude Include="script\types.h">
      <Filter>source\kabuki\script</Filter>
    </ClInclude>
    <ClInclude Include="script\wall.h">
      <Filter>source\kabuki\script</Filter>
    </ClInclude>
    <ClInclude Include="script\window.h">
      <Filter>source\kabuki\script</Filter>
    </ClInclude>
    <ClInclude Include="script\address.h">
      <Filter>source\kabuki\script</Filter>
    </ClInclude>
    <ClInclude Include="script\args.h">
      <Filter>source\kabuki\script</Filter>
    </ClInclude>
    <ClInclude Include="script\ascii.h">
      <Filter>source\kabuki\script</Filter>
    </ClInclude>
    <ClInclude Include="script\assembly.h">
      <Filter>source\kabuki\script</Filter>
    </ClInclude>
    <ClInclude Include="script\bin.h">
      <Filter>source\kabuki\script</Filter>
    </ClInclude>
    <ClInclude Include="script\bout.h">
      <Filter>source\kabuki\script</Filter>
    </ClInclude>
    <ClInclude Include="script\bout_portal.h">
      <Filter>source\kabuki\script</Filter>
    </ClInclude>
    <ClInclude Include="script\clock.h">
      <Filter>source\kabuki\script</Filter>
    </ClInclude>
    <ClInclude Include="script\color.h">
      <Filter>source\kabuki\script</Filter>
    </ClInclude>
    <ClInclude Include="script\config.h">
      <Filter>source\kabuki\script</Filter>
    </ClInclude>
    <ClInclude Include="script\console.h">
      <Filter>source\kabuki\script</Filter>
    </ClInclude>
    <ClInclude Include="script\door.h">
      <Filter>source\kabuki\script</Filter>
    </ClInclude>
    <ClInclude Include="script\event.h">
      <Filter>source\kabuki\script</Filter>
    </ClInclude>
    <ClInclude Include="script\expression.h">
      <Filter>source\kabuki\script</Filter>
    </ClInclude>
    <ClInclude Include="script\global.h">
      <Filter>source\kabuki\script</Filter>
    </ClInclude>
    <ClInclude Include="script\interrupts.h">
      <Filter>source\kabuki\script</Filter>
    </ClInclude>
    <ClInclude Include="script\iterator.h">
      <Filter>source\kabuki\script</Filter>
    </ClInclude>
    <ClInclude Include="script\library.h">
      <Filter>source\kabuki\script</Filter>
    </ClInclude>
    <ClInclude Include="script\log.h">
      <Filter>source\kabuki\script</Filter>
    </ClInclude>
    <ClInclude Include="script\memory.h">
      <Filter>source\kabuki\script</Filter>
    </ClInclude>
    <ClInclude Include="..\..\projects\script\global.h">
      <Filter>projects</Filter>
    </ClInclude>
    <ClInclude Include="hmi\control_matrix.h">
      <Filter>source\kabuki\hmi</Filter>
    </ClInclude>
    <ClInclude Include="hmi\controller.h">
      <Filter>source\kabuki\hmi</Filter>
    </ClInclude>
    <ClInclude Include="hmi\device_button.h">
      <Filter>source\kabuki\hmi</Filter>
    </ClInclude>
    <ClInclude Include="hmi\dmx_button.h">
      <Filter>source\kabuki\hmi</Filter>
    </ClInclude>
    <ClInclude Include="hmi\dmx_control.h">
      <Filter>source\kabuki\hmi</Filter>
    </ClInclude>
    <ClInclude Include="hmi\dummy_button.h">
      <Filter>source\kabuki\hmi</Filter>
    </ClInclude>
    <ClInclude Include="hmi\event.h">
      <Filter>source\kabuki\hmi</Filter>
    </ClInclude>
    <ClInclude Include="hmi\event_button.h">
      <Filter>source\kabuki\hmi</Filter>
    </ClInclude>
    <ClInclude Include="hmi\hmi_realtime_keyboard.h">
      <Filter>source\kabuki\hmi</Filter>
    </ClInclude>
    <ClInclude Include="hmi\input.h">
      <Filter>source\kabuki\hmi</Filter>
    </ClInclude>
    <ClInclude Include="hmi\isymmetric_controller.h">
      <Filter>source\kabuki\hmi</Filter>
    </ClInclude>
    <ClInclude Include="hmi\joystick.h">
      <Filter>source\kabuki\hmi</Filter>
    </ClInclude>
    <ClInclude Include="hmi\joystick_impl.h">
      <Filter>source\kabuki\hmi</Filter>
    </ClInclude>
    <ClInclude Include="hmi\joystick_manager.h">
      <Filter>source\kabuki\hmi</Filter>
    </ClInclude>
    <ClInclude Include="hmi\key_event.h">
      <Filter>source\kabuki\hmi</Filter>
    </ClInclude>
    <ClInclude Include="hmi\key_event_buffer.h">
      <Filter>source\kabuki\hmi</Filter>
    </ClInclude>
    <ClInclude Include="hmi\keyboard.h">
      <Filter>source\kabuki\hmi</Filter>
    </ClInclude>
    <ClInclude Include="hmi\macro_button.h">
      <Filter>source\kabuki\hmi</Filter>
    </ClInclude>
    <ClInclude Include="hmi\master_controls.h">
      <Filter>source\kabuki\hmi</Filter>
    </ClInclude>
    <ClInclude Include="hmi\midi_button.h">
      <Filter>source\kabuki\hmi</Filter>
    </ClInclude>
    <ClInclude Include="hmi\midi_control.h">
      <Filter>source\kabuki\hmi</Filter>
    </ClInclude>
    <ClInclude Include="hmi\midi_widget.h">
      <Filter>source\kabuki\hmi</Filter>
    </ClInclude>
    <ClInclude Include="hmi\mixer.h">
      <Filter>source\kabuki\hmi</Filter>
    </ClInclude>
    <ClInclude Include="hmi\mixer_channel.h">
      <Filter>source\kabuki\hmi</Filter>
    </ClInclude>
    <ClInclude Include="hmi\mixer_page.h">
      <Filter>source\kabuki\hmi</Filter>
    </ClInclude>
    <ClInclude Include="hmi\mode_button.h">
      <Filter>source\kabuki\hmi</Filter>
    </ClInclude>
    <ClInclude Include="hmi\mouse.h">
      <Filter>source\kabuki\hmi</Filter>
    </ClInclude>
    <ClInclude Include="hmi\page_button.h">
      <Filter>source\kabuki\hmi</Filter>
    </ClInclude>
    <ClInclude Include="hmi\parameter.h">
      <Filter>source\kabuki\hmi</Filter>
    </ClInclude>
    <ClInclude Include="hmi\parameter_set.h">
      <Filter>source\kabuki\hmi</Filter>
    </ClInclude>
    <ClInclude Include="hmi\radio_button.h">
      <Filter>source\kabuki\hmi</Filter>
    </ClInclude>
    <ClInclude Include="hmi\sensor.h">
      <Filter>source\kabuki\hmi</Filter>
    </ClInclude>
    <ClInclude Include="hmi\sensor_manager.h">
      <Filter>source\kabuki\hmi</Filter>
    </ClInclude>
    <ClInclude Include="hmi\sensor-impl.h">
      <Filter>source\kabuki\hmi</Filter>
    </ClInclude>
    <ClInclude Include="hmi\set.h">
      <Filter>source\kabuki\hmi</Filter>
    </ClInclude>
    <ClInclude Include="hmi\swap_button.h">
      <Filter>source\kabuki\hmi</Filter>
    </ClInclude>
    <ClInclude Include="hmi\touch.h">
      <Filter>source\kabuki\hmi</Filter>
    </ClInclude>
    <ClInclude Include="hmi\widget.h">
      <Filter>source\kabuki\hmi</Filter>
    </ClInclude>
    <ClInclude Include="hmi\widget_manager.h">
      <Filter>source\kabuki\hmi</Filter>
    </ClInclude>
    <ClInclude Include="hmi\widget_page.h">
      <Filter>source\kabuki\hmi</Filter>
    </ClInclude>
    <ClInclude Include="hmi\workspace.h">
      <Filter>source\kabuki\hmi</Filter>
    </ClInclude>
    <ClInclude Include="hmi\xy_control.h">
      <Filter>source\kabuki\hmi</Filter>
    </ClInclude>
    <ClInclude Include="hmi\adsr.h">
      <Filter>source\kabuki\hmi</Filter>
    </ClInclude>
    <ClInclude Include="hmi\button.h">
      <Filter>source\kabuki\hmi</Filter>
    </ClInclude>
    <ClInclude Include="hmi\button_scroller.h">
      <Filter>source\kabuki\hmi</Filter>
    </ClInclude>
    <ClInclude Include="hmi\channel_group.h">
      <Filter>source\kabuki\hmi</Filter>
    </ClInclude>
    <ClInclude Include="hmi\cocoa_joystick.h">
      <Filter>source\kabuki\hmi</Filter>
    </ClInclude>
    <ClInclude Include="hmi\config.h">
      <Filter>source\kabuki\hmi</Filter>
    </ClInclude>
    <ClInclude Include="hmi\hmi_component.h">
      <Filter>source\kabuki\hmi</Filter>
    </ClInclude>
  </ItemGroup>
  <ItemGroup>
    <ClCompile Include="stdafx.cc">
      <Filter>source\kabuki</Filter>
    </ClCompile>
    <ClCompile Include="script\script_args.cc">
      <Filter>source\kabuki\script</Filter>
    </ClCompile>
    <ClCompile Include="script\script_ascii.cc">
      <Filter>source\kabuki\script</Filter>
    </ClCompile>
    <ClCompile Include="script\script_bin.cc">
      <Filter>source\kabuki\script</Filter>
    </ClCompile>
    <ClCompile Include="script\script_bout.cc">
      <Filter>source\kabuki\script</Filter>
    </ClCompile>
    <ClCompile Include="script\script_clock.cc">
      <Filter>source\kabuki\script</Filter>
    </ClCompile>
    <ClCompile Include="script\script_color.cc">
      <Filter>source\kabuki\script</Filter>
    </ClCompile>
    <ClCompile Include="script\script_door.cc">
      <Filter>source\kabuki\script</Filter>
    </ClCompile>
    <ClCompile Include="script\script_expression.cc">
      <Filter>source\kabuki\script</Filter>
    </ClCompile>
    <ClCompile Include="script\script_interrupts.cc">
      <Filter>source\kabuki\script</Filter>
    </ClCompile>
    <ClCompile Include="script\script_log.cc">
      <Filter>source\kabuki\script</Filter>
    </ClCompile>
    <ClCompile Include="script\script_memory.cc">
      <Filter>source\kabuki\script</Filter>
    </ClCompile>
    <ClCompile Include="script\script_operation.cc">
      <Filter>source\kabuki\script</Filter>
    </ClCompile>
    <ClCompile Include="script\script_room.cc">
      <Filter>source\kabuki\script</Filter>
    </ClCompile>
    <ClCompile Include="script\script_slot.cc">
      <Filter>source\kabuki\script</Filter>
    </ClCompile>
    <ClCompile Include="script\script_slot_in.cc">
      <Filter>source\kabuki\script</Filter>
    </ClCompile>
    <ClCompile Include="script\script_slot_out.cc">
      <Filter>source\kabuki\script</Filter>
    </ClCompile>
    <ClCompile Include="script\script_table.cc">
      <Filter>source\kabuki\script</Filter>
    </ClCompile>
    <ClCompile Include="script\script_text.cc">
      <Filter>source\kabuki\script</Filter>
    </ClCompile>
    <ClCompile Include="script\script_types.cc">
      <Filter>source\kabuki\script</Filter>
    </ClCompile>
    <ClCompile Include="script\script_wall.cc">
      <Filter>source\kabuki\script</Filter>
    </ClCompile>
    <ClCompile Include="script\script_window.cc">
      <Filter>source\kabuki\script</Filter>
    </ClCompile>
    <ClCompile Include="..\..\projects\kabuki_tester.cc">
      <Filter>projects</Filter>
    </ClCompile>
    <ClCompile Include="..\..\projects\script\script_tests.cc">
      <Filter>projects</Filter>
    </ClCompile>
    <ClCompile Include="hmi\device_button.cc">
      <Filter>source\kabuki\hmi</Filter>
    </ClCompile>
    <ClCompile Include="hmi\dummy_button.cc">
      <Filter>source\kabuki\hmi</Filter>
    </ClCompile>
    <ClCompile Include="hmi\hmi_channel_group.cc">
      <Filter>source\kabuki\hmi</Filter>
    </ClCompile>
    <ClCompile Include="hmi\hmi_component.cc">
      <Filter>source\kabuki\hmi</Filter>
    </ClCompile>
    <ClCompile Include="hmi\hmi_control_matrix.cc">
      <Filter>source\kabuki\hmi</Filter>
    </ClCompile>
    <ClCompile Include="hmi\hmi_dmx_button.cc">
      <Filter>source\kabuki\hmi</Filter>
    </ClCompile>
    <ClCompile Include="hmi\hmi_dmx_control.cc">
      <Filter>source\kabuki\hmi</Filter>
    </ClCompile>
    <ClCompile Include="hmi\hmi_event.cc">
      <Filter>source\kabuki\hmi</Filter>
    </ClCompile>
    <ClCompile Include="hmi\hmi_hmi_button.cc">
      <Filter>source\kabuki\hmi</Filter>
    </ClCompile>
    <ClCompile Include="hmi\hmi_hmi_button_scroller.cc">
      <Filter>source\kabuki\hmi</Filter>
    </ClCompile>
    <ClCompile Include="hmi\hmi_isymmetric_controller.cc">
      <Filter>source\kabuki\hmi</Filter>
    </ClCompile>
    <ClCompile Include="hmi\hmi_joystick.cc">
      <Filter>source\kabuki\hmi</Filter>
    </ClCompile>
    <ClCompile Include="hmi\hmi_joystick_manager.cc">
      <Filter>source\kabuki\hmi</Filter>
    </ClCompile>
    <ClCompile Include="hmi\hmi_key_event.cc">
      <Filter>source\kabuki\hmi</Filter>
    </ClCompile>
    <ClCompile Include="hmi\hmi_keyboard.cc">
      <Filter>source\kabuki\hmi</Filter>
    </ClCompile>
    <ClCompile Include="hmi\hmi_keyboard_buffer.cc">
      <Filter>source\kabuki\hmi</Filter>
    </ClCompile>
    <ClCompile Include="hmi\hmi_macro_button.cc">
      <Filter>source\kabuki\hmi</Filter>
    </ClCompile>
    <ClCompile Include="hmi\hmi_midi_button.cc">
      <Filter>source\kabuki\hmi</Filter>
    </ClCompile>
    <ClCompile Include="hmi\hmi_midi_control.cc">
      <Filter>source\kabuki\hmi</Filter>
    </ClCompile>
    <ClCompile Include="hmi\hmi_midi_widget.cc">
      <Filter>source\kabuki\hmi</Filter>
    </ClCompile>
    <ClCompile Include="hmi\hmi_mixer.cc">
      <Filter>source\kabuki\hmi</Filter>
    </ClCompile>
    <ClCompile Include="hmi\hmi_mixer_channel.cc">
      <Filter>source\kabuki\hmi</Filter>
    </ClCompile>
    <ClCompile Include="hmi\hmi_mixer_page.cc">
      <Filter>source\kabuki\hmi</Filter>
    </ClCompile>
    <ClCompile Include="hmi\hmi_mouse.cc">
      <Filter>source\kabuki\hmi</Filter>
    </ClCompile>
    <ClCompile Include="hmi\hmi_parameter.cc">
      <Filter>source\kabuki\hmi</Filter>
    </ClCompile>
    <ClCompile Include="hmi\hmi_parameter_set.cc">
      <Filter>source\kabuki\hmi</Filter>
    </ClCompile>
    <ClCompile Include="hmi\hmi_radio_button.cc">
      <Filter>source\kabuki\hmi</Filter>
    </ClCompile>
    <ClCompile Include="hmi\hmi_realtime_keyboard.cc">
      <Filter>source\kabuki\hmi</Filter>
    </ClCompile>
    <ClCompile Include="hmi\hmi_sensor.cc">
      <Filter>source\kabuki\hmi</Filter>
    </ClCompile>
    <ClCompile Include="hmi\hmi_sensor_manager.cc">
      <Filter>source\kabuki\hmi</Filter>
    </ClCompile>
    <ClCompile Include="hmi\hmi_set.cc">
      <Filter>source\kabuki\hmi</Filter>
    </ClCompile>
    <ClCompile Include="hmi\hmi_touch.cc">
      <Filter>source\kabuki\hmi</Filter>
    </ClCompile>
    <ClCompile Include="hmi\hmi_widget.cc">
      <Filter>source\kabuki\hmi</Filter>
    </ClCompile>
    <ClCompile Include="hmi\hmi_widget_page.cc">
      <Filter>source\kabuki\hmi</Filter>
    </ClCompile>
    <ClCompile Include="hmi\hmi_workspace.cc">
      <Filter>source\kabuki\hmi</Filter>
    </ClCompile>
    <ClCompile Include="hmi\xy_control.cc">
      <Filter>source\kabuki\hmi</Filter>
    </ClCompile>
    <ClCompile Include="hmi\hmi_event_button.cc">
      <Filter>source\kabuki\hmi</Filter>
    </ClCompile>
    <ClCompile Include="hmi\hmi_mode_button.cc">
      <Filter>source\kabuki\hmi</Filter>
    </ClCompile>
    <ClCompile Include="hmi\hmi_page_button.cc">
      <Filter>source\kabuki\hmi</Filter>
    </ClCompile>
    <ClCompile Include="hmi\hmi_swap_button.cc">
      <Filter>source\kabuki\hmi</Filter>
    </ClCompile>
  </ItemGroup>
  <ItemGroup>
    <None Include="hmi\readme.md">
      <Filter>source\kabuki\hmi</Filter>
    </None>
  </ItemGroup>
</Project>