<?xml version="1.0" encoding="utf-8"?>
<Project ToolsVersion="4.0" xmlns="http://schemas.microsoft.com/developer/msbuild/2003">
  <ItemGroup>
    <Filter Include="Resource Files">
      <UniqueIdentifier>{67DA6AB6-F800-4c08-8B7A-83BB121AAD01}</UniqueIdentifier>
      <Extensions>rc;ico;cur;bmp;dlg;rc2;rct;bin;rgs;gif;jpg;jpeg;jpe;resx;tiff;tif;png;wav;mfcribbon-ms</Extensions>
    </Filter>
    <Filter Include="kabuki">
      <UniqueIdentifier>{b4ac0909-35e2-42f0-8618-92e858d43b2e}</UniqueIdentifier>
    </Filter>
    <Filter Include="kabuki\script">
      <UniqueIdentifier>{4FC737F1-C7A5-4376-A066-2A32D752A2FF}</UniqueIdentifier>
      <Extensions>cpp;c;cc;cxx;def;odl;idl;hpj;bat;asm;asmx</Extensions>
    </Filter>
    <Filter Include="kabuki\serial">
      <UniqueIdentifier>{fce213eb-46b8-4537-9885-65a2468365f6}</UniqueIdentifier>
    </Filter>
    <Filter Include="kabuki\al">
      <UniqueIdentifier>{b14ecb67-64d7-487c-be33-fe037f6e806e}</UniqueIdentifier>
    </Filter>
    <Filter Include="kabuki\app">
      <UniqueIdentifier>{b94e7c27-d80e-43ad-a0d5-f10f6fa3b309}</UniqueIdentifier>
    </Filter>
    <Filter Include="kabuki\biz">
      <UniqueIdentifier>{46d557eb-f2c0-4511-a005-8c50f52803b4}</UniqueIdentifier>
    </Filter>
    <Filter Include="kabuki\code">
      <UniqueIdentifier>{e6d8db89-0a24-4dd9-b44b-8e12a5eac984}</UniqueIdentifier>
    </Filter>
    <Filter Include="kabuki\data">
      <UniqueIdentifier>{1199cb80-6bd0-4f7d-a347-ccefa0ec89d4}</UniqueIdentifier>
    </Filter>
    <Filter Include="kabuki\file">
      <UniqueIdentifier>{caa2cf5c-efed-4015-acc9-4802e257575c}</UniqueIdentifier>
    </Filter>
    <Filter Include="kabuki\gl">
      <UniqueIdentifier>{a4fd0a38-ad1b-48af-b990-defad848215d}</UniqueIdentifier>
    </Filter>
    <Filter Include="kabuki\gui">
      <UniqueIdentifier>{08cb46bc-08ca-4f88-86ca-282bc9d069d5}</UniqueIdentifier>
    </Filter>
    <Filter Include="kabuki\id">
      <UniqueIdentifier>{bb404d24-983a-4f80-8f6a-9ea515d4f6fc}</UniqueIdentifier>
    </Filter>
    <Filter Include="kabuki\hmi">
      <UniqueIdentifier>{8b15bd81-b35a-4c27-825c-8b95b49b106f}</UniqueIdentifier>
    </Filter>
    <Filter Include="kabuki\json">
      <UniqueIdentifier>{b6510f7b-1a8f-4435-9073-7be6a611f9f2}</UniqueIdentifier>
    </Filter>
    <Filter Include="kabuki\math">
      <UniqueIdentifier>{de4d44c9-dee1-489e-b56e-8293be477ccd}</UniqueIdentifier>
    </Filter>
    <Filter Include="kabuki\midi">
      <UniqueIdentifier>{e74ab7e3-4e5c-43d4-96bd-cfb5ddd6c84c}</UniqueIdentifier>
    </Filter>
    <Filter Include="kabuki\pplx">
      <UniqueIdentifier>{f756ca20-1636-4d16-991d-c9b7937ce0ef}</UniqueIdentifier>
    </Filter>
    <Filter Include="kabuki\process">
      <UniqueIdentifier>{9fbf3dd6-9a6d-4f82-af91-afd955ee2d87}</UniqueIdentifier>
    </Filter>
    <Filter Include="kabuki\utils">
      <UniqueIdentifier>{c35e66f1-cf3e-4e1a-8bbd-ecc15d036cfe}</UniqueIdentifier>
    </Filter>
    <Filter Include="kabuki\video">
      <UniqueIdentifier>{82b73a56-2698-4391-9e92-14514dee7158}</UniqueIdentifier>
    </Filter>
    <Filter Include="kabuki\web">
      <UniqueIdentifier>{bcecd50d-9ef4-4d62-960a-467a1eed05ec}</UniqueIdentifier>
    </Filter>
    <Filter Include="kabuki\ws">
      <UniqueIdentifier>{f74be4e0-3678-4673-8ac6-c7e66435a828}</UniqueIdentifier>
    </Filter>
    <Filter Include="kabuki\aiml">
      <UniqueIdentifier>{5b844195-171c-4caf-99a6-af067a9a8dde}</UniqueIdentifier>
    </Filter>
    <Filter Include="kabuki\script\pro_files">
      <UniqueIdentifier>{f761c686-c418-44b9-ab1f-1eb3aca1e7e6}</UniqueIdentifier>
    </Filter>
    <Filter Include="kabuki\pro_files">
      <UniqueIdentifier>{d9d6a492-c025-4d20-8429-b996d3596888}</UniqueIdentifier>
    </Filter>
    <Filter Include="kabuki\pro">
      <UniqueIdentifier>{65351b5c-bf53-4c38-b303-05ce52229b1f}</UniqueIdentifier>
    </Filter>
  </ItemGroup>
  <ItemGroup>
    <ClInclude Include="aiml\include\agent.h">
      <Filter>kabuki\aiml</Filter>
    </ClInclude>
    <ClInclude Include="assembly.h">
      <Filter>kabuki</Filter>
    </ClInclude>
    <ClInclude Include="stdafx.h">
      <Filter>kabuki</Filter>
    </ClInclude>
    <ClInclude Include="targetver.h">
      <Filter>kabuki</Filter>
    </ClInclude>
    <ClInclude Include="script\include\bin.h">
      <Filter>kabuki\script</Filter>
    </ClInclude>
    <ClInclude Include="script\include\bout.h">
      <Filter>kabuki\script</Filter>
    </ClInclude>
    <ClInclude Include="script\include\clock.h">
      <Filter>kabuki\script</Filter>
    </ClInclude>
    <ClInclude Include="script\include\color.h">
      <Filter>kabuki\script</Filter>
    </ClInclude>
    <ClInclude Include="script\include\door.h">
      <Filter>kabuki\script</Filter>
    </ClInclude>
    <ClInclude Include="script\include\event.h">
      <Filter>kabuki\script</Filter>
    </ClInclude>
    <ClInclude Include="script\include\expression.h">
      <Filter>kabuki\script</Filter>
    </ClInclude>
    <ClInclude Include="script\include\global.h">
      <Filter>kabuki\script</Filter>
    </ClInclude>
    <ClInclude Include="script\include\interrupts.h">
      <Filter>kabuki\script</Filter>
    </ClInclude>
    <ClInclude Include="script\include\iterator.h">
      <Filter>kabuki\script</Filter>
    </ClInclude>
    <ClInclude Include="script\include\library.h">
      <Filter>kabuki\script</Filter>
    </ClInclude>
    <ClInclude Include="script\include\log.h">
      <Filter>kabuki\script</Filter>
    </ClInclude>
    <ClInclude Include="script\include\module_config.h">
      <Filter>kabuki\script</Filter>
    </ClInclude>
    <ClInclude Include="script\include\operation.h">
      <Filter>kabuki\script</Filter>
    </ClInclude>
    <ClInclude Include="script\include\portal.h">
      <Filter>kabuki\script</Filter>
    </ClInclude>
    <ClInclude Include="script\include\room.h">
      <Filter>kabuki\script</Filter>
    </ClInclude>
    <ClInclude Include="script\include\table.h">
      <Filter>kabuki\script</Filter>
    </ClInclude>
    <ClInclude Include="script\include\types.h">
      <Filter>kabuki\script</Filter>
    </ClInclude>
    <ClInclude Include="script\include\utils.h">
      <Filter>kabuki\script</Filter>
    </ClInclude>
    <ClInclude Include="script\include\wall.h">
      <Filter>kabuki\script</Filter>
    </ClInclude>
    <ClInclude Include="script\include\window.h">
      <Filter>kabuki\script</Filter>
    </ClInclude>
    <ClInclude Include="script\include\address.h">
      <Filter>kabuki\script</Filter>
    </ClInclude>
    <ClInclude Include="script\include\args.h">
      <Filter>kabuki\script</Filter>
    </ClInclude>
    <ClInclude Include="script\include\ascii.h">
      <Filter>kabuki\script</Filter>
    </ClInclude>
    <ClInclude Include="script\include\assembly.h">
      <Filter>kabuki\script</Filter>
    </ClInclude>
    <ClInclude Include="script\include\module_all.h">
      <Filter>kabuki\script</Filter>
    </ClInclude>
    <ClInclude Include="script\include\tarray.h">
      <Filter>kabuki\script</Filter>
    </ClInclude>
    <ClInclude Include="script\include\tmap.h">
      <Filter>kabuki\script</Filter>
    </ClInclude>
    <ClInclude Include="script\include\tstack.h">
      <Filter>kabuki\script</Filter>
    </ClInclude>
    <ClInclude Include="script\include\tlist.h">
      <Filter>kabuki\script</Filter>
    </ClInclude>
    <ClInclude Include="script\include\set.h">
      <Filter>kabuki\script</Filter>
    </ClInclude>
    <ClInclude Include="script\include\slot.h">
      <Filter>kabuki\script</Filter>
    </ClInclude>
    <ClInclude Include="script\include\tbook.h">
      <Filter>kabuki\script</Filter>
    </ClInclude>
    <ClInclude Include="script\include\tbag.h">
      <Filter>kabuki\script</Filter>
    </ClInclude>
    <ClInclude Include="script\include\bout_portal.h">
      <Filter>kabuki\script</Filter>
    </ClInclude>
    <ClInclude Include="serial\include\serial.h">
      <Filter>kabuki\serial</Filter>
    </ClInclude>
    <ClInclude Include="script\include\text.h">
      <Filter>kabuki\script</Filter>
    </ClInclude>
    <ClInclude Include="serial\include\serial_portal.h">
      <Filter>kabuki\serial</Filter>
    </ClInclude>
    <ClInclude Include="serial\include\serial_win32.h">
      <Filter>kabuki\serial</Filter>
    </ClInclude>
    <ClInclude Include="serial\include\serial_unix.h">
      <Filter>kabuki\serial</Filter>
    </ClInclude>
    <ClInclude Include="serial\include\module_config.h">
      <Filter>kabuki\serial</Filter>
    </ClInclude>
    <ClInclude Include="script\pro_files\a.h">
      <Filter>kabuki\script\pro_files</Filter>
    </ClInclude>
    <ClInclude Include="script\pro_files\assembly.h">
      <Filter>kabuki\script\pro_files</Filter>
    </ClInclude>
    <ClInclude Include="this.h">
      <Filter>kabuki</Filter>
    </ClInclude>
    <ClInclude Include="kabuki_toolkit.h">
      <Filter>kabuki</Filter>
    </ClInclude>
  </ItemGroup>
  <ItemGroup>
    <ClCompile Include="stdafx.cc">
      <Filter>kabuki</Filter>
    </ClCompile>
    <ClCompile Include="script\impl\script_color.cc">
      <Filter>kabuki\script</Filter>
    </ClCompile>
    <ClCompile Include="script\impl\script_console.cc">
      <Filter>kabuki\script</Filter>
    </ClCompile>
    <ClCompile Include="script\impl\script_door.cc">
      <Filter>kabuki\script</Filter>
    </ClCompile>
    <ClCompile Include="script\impl\script_expression.cc">
      <Filter>kabuki\script</Filter>
    </ClCompile>
    <ClCompile Include="script\impl\script_interrupts.cc">
      <Filter>kabuki\script</Filter>
    </ClCompile>
    <ClCompile Include="script\impl\script_log.cc">
      <Filter>kabuki\script</Filter>
    </ClCompile>
    <ClCompile Include="script\impl\script_operation.cc">
      <Filter>kabuki\script</Filter>
    </ClCompile>
    <ClCompile Include="script\impl\script_room.cc">
      <Filter>kabuki\script</Filter>
    </ClCompile>
    <ClCompile Include="script\impl\script_slot.cc">
      <Filter>kabuki\script</Filter>
    </ClCompile>
    <ClCompile Include="script\impl\script_types.cc">
      <Filter>kabuki\script</Filter>
    </ClCompile>
    <ClCompile Include="script\impl\script_utils.cc">
      <Filter>kabuki\script</Filter>
    </ClCompile>
    <ClCompile Include="script\impl\script_wall.cc">
      <Filter>kabuki\script</Filter>
    </ClCompile>
    <ClCompile Include="script\impl\script_address.cc">
      <Filter>kabuki\script</Filter>
    </ClCompile>
    <ClCompile Include="script\impl\script_args.cc">
      <Filter>kabuki\script</Filter>
    </ClCompile>
    <ClCompile Include="script\impl\script_bin.cc">
      <Filter>kabuki\script</Filter>
    </ClCompile>
    <ClCompile Include="script\impl\script_bout.cc">
      <Filter>kabuki\script</Filter>
    </ClCompile>
    <ClCompile Include="script\impl\script_clock.cc">
      <Filter>kabuki\script</Filter>
    </ClCompile>
    <ClCompile Include="script\impl\script_slot_in.cc">
      <Filter>kabuki\script</Filter>
    </ClCompile>
    <ClCompile Include="script\impl\script_slot_out.cc">
      <Filter>kabuki\script</Filter>
    </ClCompile>
    <ClCompile Include="script\impl\script_table.cc">
      <Filter>kabuki\script</Filter>
    </ClCompile>
    <ClCompile Include="serial\impl\serial_win32.cc">
      <Filter>kabuki\serial</Filter>
    </ClCompile>
    <ClCompile Include="serial\impl\serial_serial.cc">
      <Filter>kabuki\serial</Filter>
    </ClCompile>
    <ClCompile Include="script\impl\script_window.cc">
      <Filter>kabuki\script</Filter>
    </ClCompile>
    <ClCompile Include="serial\impl\serial_unix.cc">
      <Filter>kabuki\serial</Filter>
    </ClCompile>
    <ClCompile Include="serial\impl\serial_list_ports_linux.cc">
      <Filter>kabuki\serial</Filter>
    </ClCompile>
    <ClCompile Include="serial\impl\serial_list_ports_osx.cc">
      <Filter>kabuki\serial</Filter>
    </ClCompile>
    <ClCompile Include="serial\impl\serial_list_ports_win32.cc">
      <Filter>kabuki\serial</Filter>
    </ClCompile>
    <ClCompile Include="script\pro_files\script_project.cc">
      <Filter>kabuki\script\pro_files</Filter>
    </ClCompile>
    <ClCompile Include="script\pro_files\script_tester.cc">
      <Filter>kabuki\script\pro_files</Filter>
    </ClCompile>
    <ClCompile Include="script\pro_files\script_tests.cc">
      <Filter>kabuki\script\pro_files</Filter>
    </ClCompile>
    <ClCompile Include="pro_files\kabuki_tester.cc">
      <Filter>kabuki\pro_files</Filter>
    </ClCompile>
    <ClCompile Include="pro_files\kabuki_tests.cc">
      <Filter>kabuki\pro_files</Filter>
    </ClCompile>
    <ClCompile Include="pro_files\kabuki_project.cc">
      <Filter>kabuki\pro_files</Filter>
    </ClCompile>
  </ItemGroup>
  <ItemGroup>
    <None Include="script\include\module_config.in">
      <Filter>kabuki\script</Filter>
    </None>
    <None Include="script\pro_files\readme.md">
      <Filter>kabuki\script\pro_files</Filter>
    </None>
  </ItemGroup>
  <ItemGroup>
    <Text Include="script\pro_files\CMakeList.txt">
      <Filter>kabuki\script\pro_files</Filter>
    </Text>
  </ItemGroup>
</Project>