<?xml version="1.0" encoding="utf-8"?>
<Project ToolsVersion="4.0" xmlns="http://schemas.microsoft.com/developer/msbuild/2003">
  <ItemGroup>
    <Filter Include="tests">
      <UniqueIdentifier>{e18ebb8a-bdf3-42d2-9091-50bd4f9c4dc4}</UniqueIdentifier>
    </Filter>
    <Filter Include="kabuki">
      <UniqueIdentifier>{cc781c14-e0fe-419a-a152-41bf7d78ab0e}</UniqueIdentifier>
    </Filter>
    <Filter Include="resources">
      <UniqueIdentifier>{67DA6AB6-F800-4c08-8B7A-83BB121AAD01}</UniqueIdentifier>
      <Extensions>rc;ico;cur;bmp;dlg;rc2;rct;bin;rgs;gif;jpg;jpeg;jpe;resx;tiff;tif;png;wav;mfcribbon-ms</Extensions>
    </Filter>
    <Filter Include="kabuki\crabs">
      <UniqueIdentifier>{c9fed358-324c-4fa2-8799-73e59bffd98d}</UniqueIdentifier>
    </Filter>
    <Filter Include="kabuki\toolkit">
      <UniqueIdentifier>{718113ca-5727-428c-b4ef-076064150bfb}</UniqueIdentifier>
    </Filter>
    <Filter Include="kabuki\toolkit\file">
      <UniqueIdentifier>{f62addde-2153-486a-bc79-1ef93cbff6ba}</UniqueIdentifier>
    </Filter>
    <Filter Include="kabuki\toolkit\id">
      <UniqueIdentifier>{1cdb8a29-971f-44fe-b95b-f787485b81d3}</UniqueIdentifier>
    </Filter>
    <Filter Include="kabuki\toolkit\pro">
      <UniqueIdentifier>{36a7f387-fbef-41f1-9598-3fd364c78b9b}</UniqueIdentifier>
    </Filter>
    <Filter Include="kabuki\toolkit\rcs">
      <UniqueIdentifier>{f94644d1-7d4c-44ed-ab7c-959dbd745413}</UniqueIdentifier>
    </Filter>
    <Filter Include="kabuki\toolkit\sloth">
      <UniqueIdentifier>{36e8877e-0a5b-4aae-beb2-d57c56daebe2}</UniqueIdentifier>
    </Filter>
    <Filter Include="tests\seam_02_tests">
      <UniqueIdentifier>{cbcdbd24-b21a-4777-9053-3a5b06fc428b}</UniqueIdentifier>
    </Filter>
  </ItemGroup>
  <ItemGroup>
    <None Include="..\README.md">
      <Filter>tests</Filter>
    </None>
    <None Include="..\..\kabuki\crabs\readme.md">
      <Filter>kabuki\crabs</Filter>
    </None>
  </ItemGroup>
  <ItemGroup>
    <ClInclude Include="stdafx.h">
      <Filter>tests\seam_02_tests</Filter>
    </ClInclude>
    <ClInclude Include="targetver.h">
      <Filter>tests\seam_02_tests</Filter>
    </ClInclude>
    <ClInclude Include="..\..\kabuki\crabs\dictionary.h">
      <Filter>kabuki\crabs</Filter>
    </ClInclude>
    <ClInclude Include="..\..\kabuki\crabs\door.h">
      <Filter>kabuki\crabs</Filter>
    </ClInclude>
    <ClInclude Include="..\..\kabuki\crabs\error.h">
      <Filter>kabuki\crabs</Filter>
    </ClInclude>
    <ClInclude Include="..\..\kabuki\crabs\event.h">
      <Filter>kabuki\crabs</Filter>
    </ClInclude>
    <ClInclude Include="..\..\kabuki\crabs\expr.h">
      <Filter>kabuki\crabs</Filter>
    </ClInclude>
    <ClInclude Include="..\..\kabuki\crabs\global.h">
      <Filter>kabuki\crabs</Filter>
    </ClInclude>
    <ClInclude Include="..\..\kabuki\crabs\global_variables.h">
      <Filter>kabuki\crabs</Filter>
    </ClInclude>
    <ClInclude Include="..\..\kabuki\crabs\hash.h">
      <Filter>kabuki\crabs</Filter>
    </ClInclude>
    <ClInclude Include="..\..\kabuki\crabs\hex.h">
      <Filter>kabuki\crabs</Filter>
    </ClInclude>
    <ClInclude Include="..\..\kabuki\crabs\interrupts.h">
      <Filter>kabuki\crabs</Filter>
    </ClInclude>
    <ClInclude Include="..\..\kabuki\crabs\iterator.h">
      <Filter>kabuki\crabs</Filter>
    </ClInclude>
    <ClInclude Include="..\..\kabuki\crabs\language.h">
      <Filter>kabuki\crabs</Filter>
    </ClInclude>
    <ClInclude Include="..\..\kabuki\crabs\library.h">
      <Filter>kabuki\crabs</Filter>
    </ClInclude>
    <ClInclude Include="..\..\kabuki\crabs\line.h">
      <Filter>kabuki\crabs</Filter>
    </ClInclude>
    <ClInclude Include="..\..\kabuki\crabs\list.h">
      <Filter>kabuki\crabs</Filter>
    </ClInclude>
    <ClInclude Include="..\..\kabuki\crabs\map.h">
      <Filter>kabuki\crabs</Filter>
    </ClInclude>
    <ClInclude Include="..\..\kabuki\crabs\memory.h">
      <Filter>kabuki\crabs</Filter>
    </ClInclude>
    <ClInclude Include="..\..\kabuki\crabs\mirror.h">
      <Filter>kabuki\crabs</Filter>
    </ClInclude>
    <ClInclude Include="..\..\kabuki\crabs\multimap.h">
      <Filter>kabuki\crabs</Filter>
    </ClInclude>
    <ClInclude Include="..\..\kabuki\crabs\object.h">
      <Filter>kabuki\crabs</Filter>
    </ClInclude>
    <ClInclude Include="..\..\kabuki\crabs\op.h">
      <Filter>kabuki\crabs</Filter>
    </ClInclude>
    <ClInclude Include="..\..\kabuki\crabs\operand.h">
      <Filter>kabuki\crabs</Filter>
    </ClInclude>
    <ClInclude Include="..\..\kabuki\crabs\print_int.h">
      <Filter>kabuki\crabs</Filter>
    </ClInclude>
    <ClInclude Include="..\..\kabuki\crabs\print_to_ascii.h">
      <Filter>kabuki\crabs</Filter>
    </ClInclude>
    <ClInclude Include="..\..\kabuki\crabs\printer.h">
      <Filter>kabuki\crabs</Filter>
    </ClInclude>
    <ClInclude Include="..\..\kabuki\crabs\random.h">
      <Filter>kabuki\crabs</Filter>
    </ClInclude>
    <ClInclude Include="..\..\kabuki\crabs\right.h">
      <Filter>kabuki\crabs</Filter>
    </ClInclude>
    <ClInclude Include="..\..\kabuki\crabs\room.h">
      <Filter>kabuki\crabs</Filter>
    </ClInclude>
    <ClInclude Include="..\..\kabuki\crabs\scan.h">
      <Filter>kabuki\crabs</Filter>
    </ClInclude>
    <ClInclude Include="..\..\kabuki\crabs\set.h">
      <Filter>kabuki\crabs</Filter>
    </ClInclude>
    <ClInclude Include="..\..\kabuki\crabs\slot.h">
      <Filter>kabuki\crabs</Filter>
    </ClInclude>
    <ClInclude Include="..\..\kabuki\crabs\stack.h">
      <Filter>kabuki\crabs</Filter>
    </ClInclude>
    <ClInclude Include="..\..\kabuki\crabs\table.h">
      <Filter>kabuki\crabs</Filter>
    </ClInclude>
    <ClInclude Include="..\..\kabuki\crabs\text.h">
      <Filter>kabuki\crabs</Filter>
    </ClInclude>
    <ClInclude Include="..\..\kabuki\crabs\type.h">
      <Filter>kabuki\crabs</Filter>
    </ClInclude>
    <ClInclude Include="..\..\kabuki\crabs\varint.h">
      <Filter>kabuki\crabs</Filter>
    </ClInclude>
    <ClInclude Include="..\..\kabuki\crabs\wall.h">
      <Filter>kabuki\crabs</Filter>
    </ClInclude>
    <ClInclude Include="..\..\kabuki\crabs\address.h">
      <Filter>kabuki\crabs</Filter>
    </ClInclude>
    <ClInclude Include="..\..\kabuki\crabs\align.h">
      <Filter>kabuki\crabs</Filter>
    </ClInclude>
    <ClInclude Include="..\..\kabuki\crabs\args.h">
      <Filter>kabuki\crabs</Filter>
    </ClInclude>
    <ClInclude Include="..\..\kabuki\crabs\array.h">
      <Filter>kabuki\crabs</Filter>
    </ClInclude>
    <ClInclude Include="..\..\kabuki\crabs\ascii.h">
      <Filter>kabuki\crabs</Filter>
    </ClInclude>
    <ClInclude Include="..\..\kabuki\crabs\bin.h">
      <Filter>kabuki\crabs</Filter>
    </ClInclude>
    <ClInclude Include="..\..\kabuki\crabs\binary.h">
      <Filter>kabuki\crabs</Filter>
    </ClInclude>
    <ClInclude Include="..\..\kabuki\crabs\bout.h">
      <Filter>kabuki\crabs</Filter>
    </ClInclude>
    <ClInclude Include="..\..\kabuki\crabs\bsq.h">
      <Filter>kabuki\crabs</Filter>
    </ClInclude>
    <ClInclude Include="..\..\kabuki\crabs\center.h">
      <Filter>kabuki\crabs</Filter>
    </ClInclude>
    <ClInclude Include="..\..\kabuki\crabs\clock.h">
      <Filter>kabuki\crabs</Filter>
    </ClInclude>
    <ClInclude Include="..\..\kabuki\crabs\config.h">
      <Filter>kabuki\crabs</Filter>
    </ClInclude>
    <ClInclude Include="..\..\kabuki\toolkit\rcs\git.h">
      <Filter>kabuki\toolkit\rcs</Filter>
    </ClInclude>
  </ItemGroup>
  <ItemGroup>
    <ClCompile Include="test_seam_2_1.cc">
      <Filter>tests\seam_02_tests</Filter>
    </ClCompile>
    <ClCompile Include="stdafx.cc">
      <Filter>tests\seam_02_tests</Filter>
    </ClCompile>
    <ClCompile Include="..\..\kabuki\crabs\crabs_binary.cc">
      <Filter>kabuki\crabs</Filter>
    </ClCompile>
    <ClCompile Include="..\..\kabuki\crabs\crabs_bout.cc">
      <Filter>kabuki\crabs</Filter>
    </ClCompile>
    <ClCompile Include="..\..\kabuki\crabs\crabs_bsq.cc">
      <Filter>kabuki\crabs</Filter>
    </ClCompile>
    <ClCompile Include="..\..\kabuki\crabs\crabs_center.cc">
      <Filter>kabuki\crabs</Filter>
    </ClCompile>
    <ClCompile Include="..\..\kabuki\crabs\crabs_clock.cc">
      <Filter>kabuki\crabs</Filter>
    </ClCompile>
    <ClCompile Include="..\..\kabuki\crabs\crabs_door.cc">
      <Filter>kabuki\crabs</Filter>
    </ClCompile>
    <ClCompile Include="..\..\kabuki\crabs\crabs_error.cc">
      <Filter>kabuki\crabs</Filter>
    </ClCompile>
    <ClCompile Include="..\..\kabuki\crabs\crabs_expr.cc">
      <Filter>kabuki\crabs</Filter>
    </ClCompile>
    <ClCompile Include="..\..\kabuki\crabs\crabs_hash.cc">
      <Filter>kabuki\crabs</Filter>
    </ClCompile>
    <ClCompile Include="..\..\kabuki\crabs\crabs_hex.cc">
      <Filter>kabuki\crabs</Filter>
    </ClCompile>
    <ClCompile Include="..\..\kabuki\crabs\crabs_interrupts.cc">
      <Filter>kabuki\crabs</Filter>
    </ClCompile>
    <ClCompile Include="..\..\kabuki\crabs\crabs_line.cc">
      <Filter>kabuki\crabs</Filter>
    </ClCompile>
    <ClCompile Include="..\..\kabuki\crabs\crabs_memory.cc">
      <Filter>kabuki\crabs</Filter>
    </ClCompile>
    <ClCompile Include="..\..\kabuki\crabs\crabs_object.cc">
      <Filter>kabuki\crabs</Filter>
    </ClCompile>
    <ClCompile Include="..\..\kabuki\crabs\crabs_op.cc">
      <Filter>kabuki\crabs</Filter>
    </ClCompile>
    <ClCompile Include="..\..\kabuki\crabs\crabs_operand.cc">
      <Filter>kabuki\crabs</Filter>
    </ClCompile>
    <ClCompile Include="..\..\kabuki\crabs\crabs_print_flt.cc">
      <Filter>kabuki\crabs</Filter>
    </ClCompile>
    <ClCompile Include="..\..\kabuki\crabs\crabs_print_ui4.cc">
      <Filter>kabuki\crabs</Filter>
    </ClCompile>
    <ClCompile Include="..\..\kabuki\crabs\crabs_print_ui8.cc">
      <Filter>kabuki\crabs</Filter>
    </ClCompile>
    <ClCompile Include="..\..\kabuki\crabs\crabs_printer.cc">
      <Filter>kabuki\crabs</Filter>
    </ClCompile>
    <ClCompile Include="..\..\kabuki\crabs\crabs_right.cc">
      <Filter>kabuki\crabs</Filter>
    </ClCompile>
    <ClCompile Include="..\..\kabuki\crabs\crabs_room.cc">
      <Filter>kabuki\crabs</Filter>
    </ClCompile>
    <ClCompile Include="..\..\kabuki\crabs\crabs_scanner.cc">
      <Filter>kabuki\crabs</Filter>
    </ClCompile>
    <ClCompile Include="..\..\kabuki\crabs\crabs_slot.cc">
      <Filter>kabuki\crabs</Filter>
    </ClCompile>
    <ClCompile Include="..\..\kabuki\crabs\crabs_text.cc">
      <Filter>kabuki\crabs</Filter>
    </ClCompile>
    <ClCompile Include="..\..\kabuki\crabs\crabs_type.cc">
      <Filter>kabuki\crabs</Filter>
    </ClCompile>
    <ClCompile Include="..\..\kabuki\crabs\crabs_wall.cc">
      <Filter>kabuki\crabs</Filter>
    </ClCompile>
    <ClCompile Include="..\..\kabuki\crabs\crabs_align.cc">
      <Filter>kabuki\crabs</Filter>
    </ClCompile>
    <ClCompile Include="..\..\kabuki\crabs\crabs_bin.cc">
      <Filter>kabuki\crabs</Filter>
    </ClCompile>
    <ClCompile Include="..\..\kabuki\toolkit\rcs\rcs_git.cc">
      <Filter>kabuki\toolkit\rcs</Filter>
    </ClCompile>
  </ItemGroup>
</Project>