
Microsoft Visual Studio Solution File, Format Version 12.00
# Visual Studio 14
VisualStudioVersion = 14.0.23107.0
MinimumVisualStudioVersion = 10.0.40219.1
Project("{FAE04EC0-301F-11D3-BF4B-00C04F79EFBC}") = "Dojo Card Games Console", "Dojo Card Games Console\Dojo Card Games Console.csproj", "{D5ED494E-B913-4549-8EA5-2B7E865E0B5E}"
EndProject
Project("{FAE04EC0-301F-11D3-BF4B-00C04F79EFBC}") = "Dojo Card Games Library", "Dojo Card Games Library\Dojo Card Games Library.csproj", "{A67F5C22-7263-4E05-93F5-109E2DB84475}"
EndProject
Project("{FAE04EC0-301F-11D3-BF4B-00C04F79EFBC}") = "Dojo Card Games (Windows)", "Dojo Card Games (Windows)\Dojo Card Games (Windows).csproj", "{8F79CEBB-CD65-41FA-AD16-EA8566BD5127}"
EndProject
Global
	GlobalSection(SolutionConfigurationPlatforms) = preSolution
		Debug|Any CPU = Debug|Any CPU
		Release|Any CPU = Release|Any CPU
	EndGlobalSection
	GlobalSection(ProjectConfigurationPlatforms) = postSolution
		{D5ED494E-B913-4549-8EA5-2B7E865E0B5E}.Debug|Any CPU.ActiveCfg = Debug|Any CPU
		{D5ED494E-B913-4549-8EA5-2B7E865E0B5E}.Debug|Any CPU.Build.0 = Debug|Any CPU
		{D5ED494E-B913-4549-8EA5-2B7E865E0B5E}.Release|Any CPU.ActiveCfg = Release|Any CPU
		{D5ED494E-B913-4549-8EA5-2B7E865E0B5E}.Release|Any CPU.Build.0 = Release|Any CPU
		{A67F5C22-7263-4E05-93F5-109E2DB84475}.Debug|Any CPU.ActiveCfg = Debug|Any CPU
		{A67F5C22-7263-4E05-93F5-109E2DB84475}.Debug|Any CPU.Build.0 = Debug|Any CPU
		{A67F5C22-7263-4E05-93F5-109E2DB84475}.Release|Any CPU.ActiveCfg = Release|Any CPU
		{A67F5C22-7263-4E05-93F5-109E2DB84475}.Release|Any CPU.Build.0 = Release|Any CPU
		{8F79CEBB-CD65-41FA-AD16-EA8566BD5127}.Debug|Any CPU.ActiveCfg = Debug|Any CPU
		{8F79CEBB-CD65-41FA-AD16-EA8566BD5127}.Debug|Any CPU.Build.0 = Debug|Any CPU
		{8F79CEBB-CD65-41FA-AD16-EA8566BD5127}.Release|Any CPU.ActiveCfg = Release|Any CPU
		{8F79CEBB-CD65-41FA-AD16-EA8566BD5127}.Release|Any CPU.Build.0 = Release|Any CPU
	EndGlobalSection
	GlobalSection(SolutionProperties) = preSolution
		HideSolutionNode = FALSE
	EndGlobalSection
EndGlobal
