<?xml version="1.0" encoding="utf-8"?>
<Project ToolsVersion="4.0" xmlns="http://schemas.microsoft.com/developer/msbuild/2003">
  <ItemGroup>
    <Filter Include="Resource Files">
      <UniqueIdentifier>{67DA6AB6-F800-4c08-8B7A-83BB121AAD01}</UniqueIdentifier>
      <Extensions>rc;ico;cur;bmp;dlg;rc2;rct;bin;rgs;gif;jpg;jpeg;jpe;resx;tiff;tif;png;wav;mfcribbon-ms</Extensions>
    </Filter>
    <Filter Include="kabuki">
      <UniqueIdentifier>{93995380-89BD-4b04-88EB-625FBE52EBFB}</UniqueIdentifier>
      <Extensions>h;hh;hpp;hxx;hm;inl;inc;xsd</Extensions>
    </Filter>
    <Filter Include="kabuki\chinese_room">
      <UniqueIdentifier>{4be2cc7d-b285-46b3-9f06-c36093650ed3}</UniqueIdentifier>
    </Filter>
    <Filter Include="kabuki\chinese_room\include">
      <UniqueIdentifier>{2b1533fa-c8ff-43a4-9cc2-9f8869892ad9}</UniqueIdentifier>
    </Filter>
    <Filter Include="kabuki\chinese_room\impl">
      <UniqueIdentifier>{81fd0c7c-8554-4702-b138-a88dbc14d5ca}</UniqueIdentifier>
    </Filter>
  </ItemGroup>
  <ItemGroup>
    <ClCompile Include="..\..\Source\kabuki\chinese_room\impl\address.cpp">
      <Filter>kabuki\chinese_room\impl</Filter>
    </ClCompile>
    <ClCompile Include="..\..\Source\kabuki\chinese_room\impl\args.cpp">
      <Filter>kabuki\chinese_room\impl</Filter>
    </ClCompile>
    <ClCompile Include="..\..\Source\kabuki\chinese_room\impl\color.cpp">
      <Filter>kabuki\chinese_room\impl</Filter>
    </ClCompile>
    <ClCompile Include="..\..\Source\kabuki\chinese_room\impl\console.cpp">
      <Filter>kabuki\chinese_room\impl</Filter>
    </ClCompile>
    <ClCompile Include="..\..\Source\kabuki\chinese_room\impl\door.cpp">
      <Filter>kabuki\chinese_room\impl</Filter>
    </ClCompile>
    <ClCompile Include="..\..\Source\kabuki\chinese_room\impl\error.cpp">
      <Filter>kabuki\chinese_room\impl</Filter>
    </ClCompile>
    <ClCompile Include="..\..\Source\kabuki\chinese_room\impl\exceptions.cpp">
      <Filter>kabuki\chinese_room\impl</Filter>
    </ClCompile>
    <ClCompile Include="..\..\Source\kabuki\chinese_room\impl\mirror.cpp">
      <Filter>kabuki\chinese_room\impl</Filter>
    </ClCompile>
    <ClCompile Include="..\..\Source\kabuki\chinese_room\impl\room.cpp">
      <Filter>kabuki\chinese_room\impl</Filter>
    </ClCompile>
    <ClCompile Include="..\..\Source\kabuki\chinese_room\impl\slot.cpp">
      <Filter>kabuki\chinese_room\impl</Filter>
    </ClCompile>
    <ClCompile Include="..\..\Source\kabuki\chinese_room\impl\terminal.cpp">
      <Filter>kabuki\chinese_room\impl</Filter>
    </ClCompile>
    <ClCompile Include="..\..\Source\kabuki\chinese_room\impl\types.cpp">
      <Filter>kabuki\chinese_room\impl</Filter>
    </ClCompile>
    <ClCompile Include="..\..\Source\kabuki\chinese_room\impl\utils.cpp">
      <Filter>kabuki\chinese_room\impl</Filter>
    </ClCompile>
    <ClCompile Include="..\..\Source\kabuki\chinese_room\impl\wall.cpp">
      <Filter>kabuki\chinese_room\impl</Filter>
    </ClCompile>
    <ClCompile Include="..\..\Source\kabuki\chinese_room\impl\clock.cpp">
      <Filter>kabuki\chinese_room\impl</Filter>
    </ClCompile>
    <ClCompile Include="..\..\Source\kabuki\chinese_room\impl\set.cpp">
      <Filter>kabuki\chinese_room\impl</Filter>
    </ClCompile>
    <ClCompile Include="..\..\source\kabuki\chinese_room\impl\automata.cpp">
      <Filter>kabuki\chinese_room\impl</Filter>
    </ClCompile>
    <ClCompile Include="..\..\source\kabuki\chinese_room\impl\monoid_rx.cpp">
      <Filter>kabuki\chinese_room\impl</Filter>
    </ClCompile>
    <ClCompile Include="..\..\source\kabuki\chinese_room\impl\monoid_tx.cpp">
      <Filter>kabuki\chinese_room\impl</Filter>
    </ClCompile>
    <ClCompile Include="..\..\source\kabuki\chinese_room\impl\monoid.cpp">
      <Filter>kabuki\chinese_room\impl</Filter>
    </ClCompile>
    <ClCompile Include="..\..\Source\kabuki\chinese_room\impl\operation.cpp">
      <Filter>kabuki\chinese_room\impl</Filter>
    </ClCompile>
    <ClCompile Include="..\..\Source\kabuki\chinese_room\impl\table.cpp">
      <Filter>kabuki\chinese_room\impl</Filter>
    </ClCompile>
    <ClCompile Include="..\..\source\kabuki\chinese_room\impl\library.cpp">
      <Filter>kabuki\chinese_room\impl</Filter>
    </ClCompile>
  </ItemGroup>
  <ItemGroup>
    <ClInclude Include="..\..\Source\kabuki\chinese_room\include\address.h">
      <Filter>kabuki\chinese_room\include</Filter>
    </ClInclude>
    <ClInclude Include="..\..\Source\kabuki\chinese_room\include\args.h">
      <Filter>kabuki\chinese_room\include</Filter>
    </ClInclude>
    <ClInclude Include="..\..\Source\kabuki\chinese_room\include\array.h">
      <Filter>kabuki\chinese_room\include</Filter>
    </ClInclude>
    <ClInclude Include="..\..\Source\kabuki\chinese_room\include\ascii.h">
      <Filter>kabuki\chinese_room\include</Filter>
    </ClInclude>
    <ClInclude Include="..\..\Source\kabuki\chinese_room\include\assembly.h">
      <Filter>kabuki\chinese_room\include</Filter>
    </ClInclude>
    <ClInclude Include="..\..\Source\kabuki\chinese_room\include\color.h">
      <Filter>kabuki\chinese_room\include</Filter>
    </ClInclude>
    <ClInclude Include="..\..\Source\kabuki\chinese_room\include\config.h">
      <Filter>kabuki\chinese_room\include</Filter>
    </ClInclude>
    <ClInclude Include="..\..\Source\kabuki\chinese_room\include\console.h">
      <Filter>kabuki\chinese_room\include</Filter>
    </ClInclude>
    <ClInclude Include="..\..\Source\kabuki\chinese_room\include\door.h">
      <Filter>kabuki\chinese_room\include</Filter>
    </ClInclude>
    <ClInclude Include="..\..\Source\kabuki\chinese_room\include\error.h">
      <Filter>kabuki\chinese_room\include</Filter>
    </ClInclude>
    <ClInclude Include="..\..\Source\kabuki\chinese_room\include\event.h">
      <Filter>kabuki\chinese_room\include</Filter>
    </ClInclude>
    <ClInclude Include="..\..\Source\kabuki\chinese_room\include\global.h">
      <Filter>kabuki\chinese_room\include</Filter>
    </ClInclude>
    <ClInclude Include="..\..\Source\kabuki\chinese_room\include\exceptions.h">
      <Filter>kabuki\chinese_room\include</Filter>
    </ClInclude>
    <ClInclude Include="..\..\Source\kabuki\chinese_room\include\iterator.h">
      <Filter>kabuki\chinese_room\include</Filter>
    </ClInclude>
    <ClInclude Include="..\..\Source\kabuki\chinese_room\include\portal.h">
      <Filter>kabuki\chinese_room\include</Filter>
    </ClInclude>
    <ClInclude Include="..\..\Source\kabuki\chinese_room\include\room.h">
      <Filter>kabuki\chinese_room\include</Filter>
    </ClInclude>
    <ClInclude Include="..\..\Source\kabuki\chinese_room\include\slot.h">
      <Filter>kabuki\chinese_room\include</Filter>
    </ClInclude>
    <ClInclude Include="..\..\Source\kabuki\chinese_room\include\stdafx.h">
      <Filter>kabuki\chinese_room\include</Filter>
    </ClInclude>
    <ClInclude Include="..\..\Source\kabuki\chinese_room\include\terminal.h">
      <Filter>kabuki\chinese_room\include</Filter>
    </ClInclude>
    <ClInclude Include="..\..\Source\kabuki\chinese_room\include\types.h">
      <Filter>kabuki\chinese_room\include</Filter>
    </ClInclude>
    <ClInclude Include="..\..\Source\kabuki\chinese_room\include\utf.h">
      <Filter>kabuki\chinese_room\include</Filter>
    </ClInclude>
    <ClInclude Include="..\..\Source\kabuki\chinese_room\include\utf_string.h">
      <Filter>kabuki\chinese_room\include</Filter>
    </ClInclude>
    <ClInclude Include="..\..\Source\kabuki\chinese_room\include\utils.h">
      <Filter>kabuki\chinese_room\include</Filter>
    </ClInclude>
    <ClInclude Include="..\..\Source\kabuki\chinese_room\include\wall.h">
      <Filter>kabuki\chinese_room\include</Filter>
    </ClInclude>
    <ClInclude Include="..\..\source\kabuki\chinese_room\include\targetver.h">
      <Filter>kabuki\chinese_room\include</Filter>
    </ClInclude>
    <ClInclude Include="..\..\Source\kabuki\chinese_room\include\bag.h">
      <Filter>kabuki\chinese_room\include</Filter>
    </ClInclude>
    <ClInclude Include="..\..\source\kabuki\chinese_room\include\operation.h">
      <Filter>kabuki\chinese_room\include</Filter>
    </ClInclude>
    <ClInclude Include="..\..\Source\kabuki\chinese_room\include\module.h">
      <Filter>kabuki\chinese_room\include</Filter>
    </ClInclude>
    <ClInclude Include="..\..\Source\kabuki\chinese_room\include\clock.h">
      <Filter>kabuki\chinese_room\include</Filter>
    </ClInclude>
    <ClInclude Include="..\..\Source\kabuki\chinese_room\include\mirror.h">
      <Filter>kabuki\chinese_room\include</Filter>
    </ClInclude>
    <ClInclude Include="..\..\Source\kabuki\chinese_room\include\set.h">
      <Filter>kabuki\chinese_room\include</Filter>
    </ClInclude>
    <ClInclude Include="..\..\Source\kabuki\chinese_room\include\book.h">
      <Filter>kabuki\chinese_room\include</Filter>
    </ClInclude>
    <ClInclude Include="..\..\Source\kabuki\chinese_room\include\monoid.h">
      <Filter>kabuki\chinese_room\include</Filter>
    </ClInclude>
    <ClInclude Include="..\..\source\kabuki\chinese_room\include\automata.h">
      <Filter>kabuki\chinese_room\include</Filter>
    </ClInclude>
    <ClInclude Include="..\..\Source\kabuki\chinese_room\include\table.h">
      <Filter>kabuki\chinese_room\include</Filter>
    </ClInclude>
  </ItemGroup>
  <ItemGroup>
    <None Include="..\..\readme.md" />
    <None Include="..\..\source\kabuki\chinese_room\readme.md">
      <Filter>kabuki\chinese_room</Filter>
    </None>
  </ItemGroup>
</Project>