
Microsoft Visual Studio Solution File, Format Version 12.00
# Visual Studio 15
VisualStudioVersion = 15.0.26730.10
MinimumVisualStudioVersion = 10.0.40219.1
Project("{8BC9CEB8-8B4A-11D0-8D11-00A0C91BC942}") = "kabuki_toolkit", "kabuki\kabuki_toolkit.vcxproj", "{6C739D2A-D229-4E66-BF9D-0F96A4403D27}"
EndProject
Global
	GlobalSection(SolutionConfigurationPlatforms) = preSolution
		Debug|x64 = Debug|x64
		Debug|x86 = Debug|x86
		Release|x64 = Release|x64
		Release|x86 = Release|x86
	EndGlobalSection
	GlobalSection(ProjectConfigurationPlatforms) = postSolution
		{6C739D2A-D229-4E66-BF9D-0F96A4403D27}.Debug|x64.ActiveCfg = Debug|x64
		{6C739D2A-D229-4E66-BF9D-0F96A4403D27}.Debug|x64.Build.0 = Debug|x64
		{6C739D2A-D229-4E66-BF9D-0F96A4403D27}.Debug|x64.Deploy.0 = Debug|x64
		{6C739D2A-D229-4E66-BF9D-0F96A4403D27}.Debug|x86.ActiveCfg = Debug|Win32
		{6C739D2A-D229-4E66-BF9D-0F96A4403D27}.Debug|x86.Build.0 = Debug|Win32
		{6C739D2A-D229-4E66-BF9D-0F96A4403D27}.Debug|x86.Deploy.0 = Debug|Win32
		{6C739D2A-D229-4E66-BF9D-0F96A4403D27}.Release|x64.ActiveCfg = Release|x64
		{6C739D2A-D229-4E66-BF9D-0F96A4403D27}.Release|x64.Build.0 = Release|x64
		{6C739D2A-D229-4E66-BF9D-0F96A4403D27}.Release|x64.Deploy.0 = Release|x64
		{6C739D2A-D229-4E66-BF9D-0F96A4403D27}.Release|x86.ActiveCfg = Release|Win32
		{6C739D2A-D229-4E66-BF9D-0F96A4403D27}.Release|x86.Build.0 = Release|Win32
		{6C739D2A-D229-4E66-BF9D-0F96A4403D27}.Release|x86.Deploy.0 = Release|Win32
	EndGlobalSection
	GlobalSection(SolutionProperties) = preSolution
		HideSolutionNode = FALSE
	EndGlobalSection
	GlobalSection(ExtensibilityGlobals) = postSolution
		SolutionGuid = {5BAE086E-1F80-43C0-8709-6E87D4D05BC0}
	EndGlobalSection
EndGlobal
