<?xml version="1.0" encoding="utf-8"?>
<Project ToolsVersion="4.0" xmlns="http://schemas.microsoft.com/developer/msbuild/2003">
  <ItemGroup>
    <Filter Include="resources">
      <UniqueIdentifier>{67DA6AB6-F800-4c08-8B7A-83BB121AAD01}</UniqueIdentifier>
      <Extensions>rc;ico;cur;bmp;dlg;rc2;rct;bin;rgs;gif;jpg;jpeg;jpe;resx;tiff;tif;png;wav;mfcribbon-ms</Extensions>
    </Filter>
    <Filter Include="kabuki">
      <UniqueIdentifier>{4FC737F1-C7A5-4376-A066-2A32D752A2FF}</UniqueIdentifier>
      <Extensions>cpp;c;cc;cxx;def;odl;idl;hpj;bat;asm;asmx</Extensions>
    </Filter>
    <Filter Include="kabuki\toolkit">
      <UniqueIdentifier>{514fea74-b6e8-428d-8c26-be27ee77de19}</UniqueIdentifier>
    </Filter>
    <Filter Include="kabuki\toolkit\who">
      <UniqueIdentifier>{9f9ccb68-10fe-4794-959e-2db2532c86a6}</UniqueIdentifier>
    </Filter>
  </ItemGroup>
  <ItemGroup>
    <ClInclude Include="t_organization.h">
      <Filter>kabuki\toolkit\who</Filter>
    </ClInclude>
    <ClInclude Include="t_password.h">
      <Filter>kabuki\toolkit\who</Filter>
    </ClInclude>
    <ClInclude Include="t_person.h">
      <Filter>kabuki\toolkit\who</Filter>
    </ClInclude>
    <ClInclude Include="t_privilege.h">
      <Filter>kabuki\toolkit\who</Filter>
    </ClInclude>
    <ClInclude Include="t_profile.h">
      <Filter>kabuki\toolkit\who</Filter>
    </ClInclude>
    <ClInclude Include="t_registrar.h">
      <Filter>kabuki\toolkit\who</Filter>
    </ClInclude>
    <ClInclude Include="t_relationship.h">
      <Filter>kabuki\toolkit\who</Filter>
    </ClInclude>
    <ClInclude Include="t_role.h">
      <Filter>kabuki\toolkit\who</Filter>
    </ClInclude>
    <ClInclude Include="t_roster.h">
      <Filter>kabuki\toolkit\who</Filter>
    </ClInclude>
    <ClInclude Include="t_symbol.h">
      <Filter>kabuki\toolkit\who</Filter>
    </ClInclude>
    <ClInclude Include="t_user.h">
      <Filter>kabuki\toolkit\who</Filter>
    </ClInclude>
    <ClInclude Include="t_userlist.h">
      <Filter>kabuki\toolkit\who</Filter>
    </ClInclude>
    <ClInclude Include="test_tree.h">
      <Filter>kabuki\toolkit\who</Filter>
    </ClInclude>
    <ClInclude Include="pch.h">
      <Filter>kabuki\toolkit\who</Filter>
    </ClInclude>
    <ClInclude Include="t_account.h">
      <Filter>kabuki\toolkit\who</Filter>
    </ClInclude>
    <ClInclude Include="t_address.h">
      <Filter>kabuki\toolkit\who</Filter>
    </ClInclude>
    <ClInclude Include="t_addressemail.h">
      <Filter>kabuki\toolkit\who</Filter>
    </ClInclude>
    <ClInclude Include="t_authenticator.h">
      <Filter>kabuki\toolkit\who</Filter>
    </ClInclude>
    <ClInclude Include="t_authenticatordefault.h">
      <Filter>kabuki\toolkit\who</Filter>
    </ClInclude>
    <ClInclude Include="t_entity.h">
      <Filter>kabuki\toolkit\who</Filter>
    </ClInclude>
    <ClInclude Include="t_entitygroup.h">
      <Filter>kabuki\toolkit\who</Filter>
    </ClInclude>
    <ClInclude Include="t_entitylist.h">
      <Filter>kabuki\toolkit\who</Filter>
    </ClInclude>
    <ClInclude Include="t_handle.h">
      <Filter>kabuki\toolkit\who</Filter>
    </ClInclude>
    <ClInclude Include="t_name.h">
      <Filter>kabuki\toolkit\who</Filter>
    </ClInclude>
    <ClInclude Include="00_foo.h">
      <Filter>kabuki\toolkit\who</Filter>
    </ClInclude>
    <ClInclude Include="01_bar.h">
      <Filter>kabuki\toolkit\who</Filter>
    </ClInclude>
    <ClInclude Include="global.h">
      <Filter>kabuki\toolkit\who</Filter>
    </ClInclude>
    <ClInclude Include="t_uidassigner.h">
      <Filter>kabuki\toolkit\who</Filter>
    </ClInclude>
  </ItemGroup>
  <ItemGroup>
    <ClCompile Include="pch.cc">
      <Filter>kabuki\toolkit\who</Filter>
    </ClCompile>
  </ItemGroup>
  <ItemGroup>
    <None Include="test_debug.inl">
      <Filter>kabuki\toolkit\who</Filter>
    </None>
    <None Include="test_footer.inl">
      <Filter>kabuki\toolkit\who</Filter>
    </None>
    <None Include="test_release.inl">
      <Filter>kabuki\toolkit\who</Filter>
    </None>
    <None Include="readme.md">
      <Filter>kabuki\toolkit\who</Filter>
    </None>
    <None Include="global_config.inl">
      <Filter>kabuki\toolkit\who</Filter>
    </None>
  </ItemGroup>
</Project>